// !$*UTF8*$!
{
	archiveVersion = 1;
	classes = {
	};
	objectVersion = 50;
	objects = {

/* Begin PBXBuildFile section */
		660655AC2271930400532855 /* MoyaError+Ext.swift in Sources */ = {isa = PBXBuildFile; fileRef = 660655AB2271930400532855 /* MoyaError+Ext.swift */; };
		660F7E45225B1B2500D00072 /* JsonPlaceholderRouter.swift in Sources */ = {isa = PBXBuildFile; fileRef = 660F7E44225B1B2500D00072 /* JsonPlaceholderRouter.swift */; };
		660F7E51225B2FC100D00072 /* ReusableViewFromNib.swift in Sources */ = {isa = PBXBuildFile; fileRef = 660F7E50225B2FC100D00072 /* ReusableViewFromNib.swift */; };
		660F7E54225B300700D00072 /* FontStyle.swift in Sources */ = {isa = PBXBuildFile; fileRef = 660F7E53225B300700D00072 /* FontStyle.swift */; };
		661A2DCA228C7B570043415C /* ButtonStyles.swift in Sources */ = {isa = PBXBuildFile; fileRef = 661A2DC9228C7B570043415C /* ButtonStyles.swift */; };
		661D5E7B2272E5960032C866 /* RxSwift.framework in Frameworks */ = {isa = PBXBuildFile; fileRef = 66ECE1F6226652D800D3A670 /* RxSwift.framework */; };
		661D5E7C2272E5990032C866 /* RxTest.framework in Frameworks */ = {isa = PBXBuildFile; fileRef = 66ECE204226652D900D3A670 /* RxTest.framework */; };
		661D6DA6226728BB0086E464 /* RealmObject.swift in Sources */ = {isa = PBXBuildFile; fileRef = 661D6DA5226728BB0086E464 /* RealmObject.swift */; };
		6632E227226B0FB700F74A8E /* UIAlertContoller+Rx.swift in Sources */ = {isa = PBXBuildFile; fileRef = 6632E226226B0FB700F74A8E /* UIAlertContoller+Rx.swift */; };
		6632E22B226B249E00F74A8E /* MoyaProvider.swift in Sources */ = {isa = PBXBuildFile; fileRef = 6632E22A226B249E00F74A8E /* MoyaProvider.swift */; };
		6632E22F226B4CB200F74A8E /* PostDetailViewContoller.swift in Sources */ = {isa = PBXBuildFile; fileRef = 6632E22E226B4CB200F74A8E /* PostDetailViewContoller.swift */; };
		6632E233226B52E400F74A8E /* PostsListViewController.swift in Sources */ = {isa = PBXBuildFile; fileRef = 6632E232226B52E400F74A8E /* PostsListViewController.swift */; };
		6632E236226B53B600F74A8E /* PostListViewModel.swift in Sources */ = {isa = PBXBuildFile; fileRef = 6632E235226B53B600F74A8E /* PostListViewModel.swift */; };
		6632E238226B6EA800F74A8E /* RealmConfiguration.swift in Sources */ = {isa = PBXBuildFile; fileRef = 6632E237226B6EA800F74A8E /* RealmConfiguration.swift */; };
		6632E23A226CF67C00F74A8E /* Placeholder.strings in Resources */ = {isa = PBXBuildFile; fileRef = 6632E239226CF67C00F74A8E /* Placeholder.strings */; };
		6632E23F226CF74600F74A8E /* PlaceholderStrings.swift in Sources */ = {isa = PBXBuildFile; fileRef = 6632E23E226CF74600F74A8E /* PlaceholderStrings.swift */; };
		6637F78C2286BA6C00D1715D /* PostListSection+Item.swift in Sources */ = {isa = PBXBuildFile; fileRef = 6637F78B2286BA6C00D1715D /* PostListSection+Item.swift */; };
		6637F78D2286BCE500D1715D /* RxBlocking.framework in Frameworks */ = {isa = PBXBuildFile; fileRef = 66ECE1FA226652D800D3A670 /* RxBlocking.framework */; };
		664495CE229BEDED00B5C170 /* AppCoordinator.swift in Sources */ = {isa = PBXBuildFile; fileRef = 664495CD229BEDED00B5C170 /* AppCoordinator.swift */; };
		664495D0229BFF6D00B5C170 /* PostsSceneCoordinator.swift in Sources */ = {isa = PBXBuildFile; fileRef = 664495CF229BFF6D00B5C170 /* PostsSceneCoordinator.swift */; };
		665B989F227978FE00D4F9A6 /* TestDataManager.swift in Sources */ = {isa = PBXBuildFile; fileRef = 665B989E227978FE00D4F9A6 /* TestDataManager.swift */; };
		665B98A122797C3E00D4F9A6 /* TestNetworkProvider.swift in Sources */ = {isa = PBXBuildFile; fileRef = 665B98A022797C3E00D4F9A6 /* TestNetworkProvider.swift */; };
		665D39CD228C6BC500EA3CB2 /* AlamofireManager.swift in Sources */ = {isa = PBXBuildFile; fileRef = 665D39CC228C6BC500EA3CB2 /* AlamofireManager.swift */; };
		665D39D0228C736500EA3CB2 /* ModelTests.swift in Sources */ = {isa = PBXBuildFile; fileRef = 665D39CF228C736500EA3CB2 /* ModelTests.swift */; };
		665D39D3228C73DB00EA3CB2 /* RouterTests.swift in Sources */ = {isa = PBXBuildFile; fileRef = 665D39D2228C73DB00EA3CB2 /* RouterTests.swift */; };
		666731BA2287529C0008AD84 /* RxRelay.framework in Frameworks */ = {isa = PBXBuildFile; fileRef = 666731B92287529C0008AD84 /* RxRelay.framework */; };
		666731BD2287F5590008AD84 /* PostDetailHeaderView.xib in Resources */ = {isa = PBXBuildFile; fileRef = 666731BC2287F5590008AD84 /* PostDetailHeaderView.xib */; };
		666731BF2287F6190008AD84 /* UIColor+Ext.swift in Sources */ = {isa = PBXBuildFile; fileRef = 666731BE2287F6190008AD84 /* UIColor+Ext.swift */; };
		666731C12287F6930008AD84 /* Roboto-Regular.ttf in Resources */ = {isa = PBXBuildFile; fileRef = 666731C02287F6930008AD84 /* Roboto-Regular.ttf */; };
		666731C72287F7DB0008AD84 /* PostDetailHeaderView.swift in Sources */ = {isa = PBXBuildFile; fileRef = 666731C62287F7DB0008AD84 /* PostDetailHeaderView.swift */; };
		666731CA22880EB50008AD84 /* PostDetailViewModel.swift in Sources */ = {isa = PBXBuildFile; fileRef = 666731C922880EB50008AD84 /* PostDetailViewModel.swift */; };
		666731D2228856EE0008AD84 /* UserTableViewCell.swift in Sources */ = {isa = PBXBuildFile; fileRef = 666731D1228856EE0008AD84 /* UserTableViewCell.swift */; };
		666731D4228858820008AD84 /* PostTableViewCell.swift in Sources */ = {isa = PBXBuildFile; fileRef = 666731D3228858820008AD84 /* PostTableViewCell.swift */; };
		666731D622885CA40008AD84 /* PostListViewModelTests.swift in Sources */ = {isa = PBXBuildFile; fileRef = 666731D522885CA40008AD84 /* PostListViewModelTests.swift */; };
		666731DA22889B5E0008AD84 /* FixtureLoader.swift in Sources */ = {isa = PBXBuildFile; fileRef = 666731D922889B5E0008AD84 /* FixtureLoader.swift */; };
		666731DE22889BED0008AD84 /* Post.json in Resources */ = {isa = PBXBuildFile; fileRef = 666731DD22889BED0008AD84 /* Post.json */; };
		666731E022889C070008AD84 /* User.json in Resources */ = {isa = PBXBuildFile; fileRef = 666731DF22889C070008AD84 /* User.json */; };
		669CFDAD22870A6E001DB6CA /* UserRealm.swift in Sources */ = {isa = PBXBuildFile; fileRef = 669CFDAC22870A6E001DB6CA /* UserRealm.swift */; };
		669CFDB022871985001DB6CA /* LoadingBarView.swift in Sources */ = {isa = PBXBuildFile; fileRef = 669CFDAF22871985001DB6CA /* LoadingBarView.swift */; };
		66C1DF3D225DDCE200049855 /* LabelStyles.swift in Sources */ = {isa = PBXBuildFile; fileRef = 66C1DF3C225DDCE200049855 /* LabelStyles.swift */; };
		66C1DF5D226467D900049855 /* BaseViewContoller.swift in Sources */ = {isa = PBXBuildFile; fileRef = 66C1DF5C226467D900049855 /* BaseViewContoller.swift */; };
		66C1DF5F2264680200049855 /* UITableViewCell+Ext.swift in Sources */ = {isa = PBXBuildFile; fileRef = 66C1DF5E2264680200049855 /* UITableViewCell+Ext.swift */; };
		66C1DF6422646A5900049855 /* Network.strings in Resources */ = {isa = PBXBuildFile; fileRef = 66C1DF6322646A5900049855 /* Network.strings */; };
		66C1DF6722646AE000049855 /* StringLookup.swift in Sources */ = {isa = PBXBuildFile; fileRef = 66C1DF6622646AE000049855 /* StringLookup.swift */; };
		66C3607A225897FE0018A579 /* AppDelegate.swift in Sources */ = {isa = PBXBuildFile; fileRef = 66C36079225897FE0018A579 /* AppDelegate.swift */; };
		66C36081225898000018A579 /* Assets.xcassets in Resources */ = {isa = PBXBuildFile; fileRef = 66C36080225898000018A579 /* Assets.xcassets */; };
		66C36084225898000018A579 /* LaunchScreen.storyboard in Resources */ = {isa = PBXBuildFile; fileRef = 66C36082225898000018A579 /* LaunchScreen.storyboard */; };
		66C3609A225898000018A579 /* ShowcaseUITests.swift in Sources */ = {isa = PBXBuildFile; fileRef = 66C36099225898000018A579 /* ShowcaseUITests.swift */; };
		66C360AE2258A9D50018A579 /* User.swift in Sources */ = {isa = PBXBuildFile; fileRef = 66C360AB2258A9D40018A579 /* User.swift */; };
		66C360AF2258A9D50018A579 /* Comment.swift in Sources */ = {isa = PBXBuildFile; fileRef = 66C360AC2258A9D40018A579 /* Comment.swift */; };
		66C360B02258A9D50018A579 /* Post.swift in Sources */ = {isa = PBXBuildFile; fileRef = 66C360AD2258A9D50018A579 /* Post.swift */; };
		66C360B32258AA090018A579 /* PostRealm.swift in Sources */ = {isa = PBXBuildFile; fileRef = 66C360B22258AA090018A579 /* PostRealm.swift */; };
		66C360B52258B4F30018A579 /* HTTPStatusCode.swift in Sources */ = {isa = PBXBuildFile; fileRef = 66C360B42258B4F30018A579 /* HTTPStatusCode.swift */; };
		66C360B72258B53A0018A579 /* NetworkError.swift in Sources */ = {isa = PBXBuildFile; fileRef = 66C360B62258B53A0018A579 /* NetworkError.swift */; };
		66C360B92258B7E50018A579 /* ClientError.swift in Sources */ = {isa = PBXBuildFile; fileRef = 66C360B82258B7E50018A579 /* ClientError.swift */; };
		66C360BC2258B8890018A579 /* ErrorExt.swift in Sources */ = {isa = PBXBuildFile; fileRef = 66C360BB2258B8890018A579 /* ErrorExt.swift */; };
		66CC6877228BF16B00A7FB11 /* NoContentView.swift in Sources */ = {isa = PBXBuildFile; fileRef = 66CC6876228BF16B00A7FB11 /* NoContentView.swift */; };
		66CC6879228BF17900A7FB11 /* NoContentView.xib in Resources */ = {isa = PBXBuildFile; fileRef = 66CC6878228BF17900A7FB11 /* NoContentView.xib */; };
		66D21155226E59C8004EDB70 /* NetworkStrings.swift in Sources */ = {isa = PBXBuildFile; fileRef = 66D21154226E59C8004EDB70 /* NetworkStrings.swift */; };
		66ECE208226652D900D3A670 /* RxMoya.framework in Frameworks */ = {isa = PBXBuildFile; fileRef = 66ECE1F4226652D800D3A670 /* RxMoya.framework */; };
		66ECE209226652D900D3A670 /* RxRealm.framework in Frameworks */ = {isa = PBXBuildFile; fileRef = 66ECE1F5226652D800D3A670 /* RxRealm.framework */; };
		66ECE20A226652D900D3A670 /* RxSwift.framework in Frameworks */ = {isa = PBXBuildFile; fileRef = 66ECE1F6226652D800D3A670 /* RxSwift.framework */; };
		66ECE20B226652D900D3A670 /* RxSwiftExt.framework in Frameworks */ = {isa = PBXBuildFile; fileRef = 66ECE1F7226652D800D3A670 /* RxSwiftExt.framework */; };
		66ECE20D226652D900D3A670 /* RxDataSources.framework in Frameworks */ = {isa = PBXBuildFile; fileRef = 66ECE1F9226652D800D3A670 /* RxDataSources.framework */; };
		66ECE210226652D900D3A670 /* Result.framework in Frameworks */ = {isa = PBXBuildFile; fileRef = 66ECE1FC226652D800D3A670 /* Result.framework */; };
		66ECE211226652D900D3A670 /* Differentiator.framework in Frameworks */ = {isa = PBXBuildFile; fileRef = 66ECE1FD226652D800D3A670 /* Differentiator.framework */; };
		66ECE212226652D900D3A670 /* RxOptional.framework in Frameworks */ = {isa = PBXBuildFile; fileRef = 66ECE1FE226652D800D3A670 /* RxOptional.framework */; };
		66ECE214226652D900D3A670 /* SnapKit.framework in Frameworks */ = {isa = PBXBuildFile; fileRef = 66ECE200226652D900D3A670 /* SnapKit.framework */; };
		66ECE215226652D900D3A670 /* Moya.framework in Frameworks */ = {isa = PBXBuildFile; fileRef = 66ECE201226652D900D3A670 /* Moya.framework */; };
		66ECE216226652D900D3A670 /* RxCocoa.framework in Frameworks */ = {isa = PBXBuildFile; fileRef = 66ECE202226652D900D3A670 /* RxCocoa.framework */; };
		66ECE217226652D900D3A670 /* Alamofire.framework in Frameworks */ = {isa = PBXBuildFile; fileRef = 66ECE203226652D900D3A670 /* Alamofire.framework */; };
		66ECE219226652D900D3A670 /* RealmSwift.framework in Frameworks */ = {isa = PBXBuildFile; fileRef = 66ECE205226652D900D3A670 /* RealmSwift.framework */; };
		66ECE21A226652D900D3A670 /* RxGesture.framework in Frameworks */ = {isa = PBXBuildFile; fileRef = 66ECE206226652D900D3A670 /* RxGesture.framework */; };
		66ECE21B226652D900D3A670 /* Realm.framework in Frameworks */ = {isa = PBXBuildFile; fileRef = 66ECE207226652D900D3A670 /* Realm.framework */; };
		66ECE21D22665CC100D3A670 /* MemoryModel.swift in Sources */ = {isa = PBXBuildFile; fileRef = 66ECE21C22665CC100D3A670 /* MemoryModel.swift */; };
		66ECE22222665E4300D3A670 /* RealmDataManager.swift in Sources */ = {isa = PBXBuildFile; fileRef = 66ECE22122665E4300D3A670 /* RealmDataManager.swift */; };
/* End PBXBuildFile section */

/* Begin PBXContainerItemProxy section */
		66C3608B225898000018A579 /* PBXContainerItemProxy */ = {
			isa = PBXContainerItemProxy;
			containerPortal = 66C3606E225897FE0018A579 /* Project object */;
			proxyType = 1;
			remoteGlobalIDString = 66C36075225897FE0018A579;
			remoteInfo = Showcase;
		};
		66C36096225898000018A579 /* PBXContainerItemProxy */ = {
			isa = PBXContainerItemProxy;
			containerPortal = 66C3606E225897FE0018A579 /* Project object */;
			proxyType = 1;
			remoteGlobalIDString = 66C36075225897FE0018A579;
			remoteInfo = Showcase;
		};
/* End PBXContainerItemProxy section */

/* Begin PBXFileReference section */
		660655AB2271930400532855 /* MoyaError+Ext.swift */ = {isa = PBXFileReference; lastKnownFileType = sourcecode.swift; path = "MoyaError+Ext.swift"; sourceTree = "<group>"; };
		660F7E44225B1B2500D00072 /* JsonPlaceholderRouter.swift */ = {isa = PBXFileReference; lastKnownFileType = sourcecode.swift; path = JsonPlaceholderRouter.swift; sourceTree = "<group>"; };
		660F7E50225B2FC100D00072 /* ReusableViewFromNib.swift */ = {isa = PBXFileReference; fileEncoding = 4; lastKnownFileType = sourcecode.swift; path = ReusableViewFromNib.swift; sourceTree = "<group>"; };
		660F7E53225B300700D00072 /* FontStyle.swift */ = {isa = PBXFileReference; lastKnownFileType = sourcecode.swift; path = FontStyle.swift; sourceTree = "<group>"; };
		661A2DC9228C7B570043415C /* ButtonStyles.swift */ = {isa = PBXFileReference; lastKnownFileType = sourcecode.swift; path = ButtonStyles.swift; sourceTree = "<group>"; };
		661D6DA5226728BB0086E464 /* RealmObject.swift */ = {isa = PBXFileReference; lastKnownFileType = sourcecode.swift; path = RealmObject.swift; sourceTree = "<group>"; };
		6632E226226B0FB700F74A8E /* UIAlertContoller+Rx.swift */ = {isa = PBXFileReference; lastKnownFileType = sourcecode.swift; path = "UIAlertContoller+Rx.swift"; sourceTree = "<group>"; };
		6632E22A226B249E00F74A8E /* MoyaProvider.swift */ = {isa = PBXFileReference; lastKnownFileType = sourcecode.swift; path = MoyaProvider.swift; sourceTree = "<group>"; };
		6632E22E226B4CB200F74A8E /* PostDetailViewContoller.swift */ = {isa = PBXFileReference; lastKnownFileType = sourcecode.swift; path = PostDetailViewContoller.swift; sourceTree = "<group>"; };
		6632E232226B52E400F74A8E /* PostsListViewController.swift */ = {isa = PBXFileReference; lastKnownFileType = sourcecode.swift; path = PostsListViewController.swift; sourceTree = "<group>"; };
		6632E235226B53B600F74A8E /* PostListViewModel.swift */ = {isa = PBXFileReference; lastKnownFileType = sourcecode.swift; path = PostListViewModel.swift; sourceTree = "<group>"; };
		6632E237226B6EA800F74A8E /* RealmConfiguration.swift */ = {isa = PBXFileReference; lastKnownFileType = sourcecode.swift; path = RealmConfiguration.swift; sourceTree = "<group>"; };
		6632E239226CF67C00F74A8E /* Placeholder.strings */ = {isa = PBXFileReference; lastKnownFileType = text.plist.strings; name = Placeholder.strings; path = ../Placeholder.strings; sourceTree = "<group>"; };
		6632E23E226CF74600F74A8E /* PlaceholderStrings.swift */ = {isa = PBXFileReference; lastKnownFileType = sourcecode.swift; path = PlaceholderStrings.swift; sourceTree = "<group>"; };
		6637F78B2286BA6C00D1715D /* PostListSection+Item.swift */ = {isa = PBXFileReference; lastKnownFileType = sourcecode.swift; path = "PostListSection+Item.swift"; sourceTree = "<group>"; };
		664495CD229BEDED00B5C170 /* AppCoordinator.swift */ = {isa = PBXFileReference; lastKnownFileType = sourcecode.swift; path = AppCoordinator.swift; sourceTree = "<group>"; };
		664495CF229BFF6D00B5C170 /* PostsSceneCoordinator.swift */ = {isa = PBXFileReference; lastKnownFileType = sourcecode.swift; path = PostsSceneCoordinator.swift; sourceTree = "<group>"; };
		665B989E227978FE00D4F9A6 /* TestDataManager.swift */ = {isa = PBXFileReference; lastKnownFileType = sourcecode.swift; path = TestDataManager.swift; sourceTree = "<group>"; };
		665B98A022797C3E00D4F9A6 /* TestNetworkProvider.swift */ = {isa = PBXFileReference; lastKnownFileType = sourcecode.swift; path = TestNetworkProvider.swift; sourceTree = "<group>"; };
		665D39CC228C6BC500EA3CB2 /* AlamofireManager.swift */ = {isa = PBXFileReference; lastKnownFileType = sourcecode.swift; path = AlamofireManager.swift; sourceTree = "<group>"; };
		665D39CF228C736500EA3CB2 /* ModelTests.swift */ = {isa = PBXFileReference; lastKnownFileType = sourcecode.swift; path = ModelTests.swift; sourceTree = "<group>"; };
		665D39D2228C73DB00EA3CB2 /* RouterTests.swift */ = {isa = PBXFileReference; lastKnownFileType = sourcecode.swift; path = RouterTests.swift; sourceTree = "<group>"; };
		666731B92287529C0008AD84 /* RxRelay.framework */ = {isa = PBXFileReference; lastKnownFileType = wrapper.framework; name = RxRelay.framework; path = Carthage/Build/iOS/RxRelay.framework; sourceTree = "<group>"; };
		666731BC2287F5590008AD84 /* PostDetailHeaderView.xib */ = {isa = PBXFileReference; lastKnownFileType = file.xib; path = PostDetailHeaderView.xib; sourceTree = "<group>"; };
		666731BE2287F6190008AD84 /* UIColor+Ext.swift */ = {isa = PBXFileReference; lastKnownFileType = sourcecode.swift; path = "UIColor+Ext.swift"; sourceTree = "<group>"; };
		666731C02287F6930008AD84 /* Roboto-Regular.ttf */ = {isa = PBXFileReference; lastKnownFileType = file; path = "Roboto-Regular.ttf"; sourceTree = "<group>"; };
		666731C62287F7DB0008AD84 /* PostDetailHeaderView.swift */ = {isa = PBXFileReference; lastKnownFileType = sourcecode.swift; path = PostDetailHeaderView.swift; sourceTree = "<group>"; };
		666731C922880EB50008AD84 /* PostDetailViewModel.swift */ = {isa = PBXFileReference; lastKnownFileType = sourcecode.swift; path = PostDetailViewModel.swift; sourceTree = "<group>"; };
		666731D1228856EE0008AD84 /* UserTableViewCell.swift */ = {isa = PBXFileReference; lastKnownFileType = sourcecode.swift; path = UserTableViewCell.swift; sourceTree = "<group>"; };
		666731D3228858820008AD84 /* PostTableViewCell.swift */ = {isa = PBXFileReference; lastKnownFileType = sourcecode.swift; path = PostTableViewCell.swift; sourceTree = "<group>"; };
		666731D522885CA40008AD84 /* PostListViewModelTests.swift */ = {isa = PBXFileReference; lastKnownFileType = sourcecode.swift; path = PostListViewModelTests.swift; sourceTree = "<group>"; };
		666731D922889B5E0008AD84 /* FixtureLoader.swift */ = {isa = PBXFileReference; fileEncoding = 4; lastKnownFileType = sourcecode.swift; path = FixtureLoader.swift; sourceTree = "<group>"; };
		666731DD22889BED0008AD84 /* Post.json */ = {isa = PBXFileReference; lastKnownFileType = text.json; path = Post.json; sourceTree = "<group>"; };
		666731DF22889C070008AD84 /* User.json */ = {isa = PBXFileReference; lastKnownFileType = text.json; path = User.json; sourceTree = "<group>"; };
		669CFDAC22870A6E001DB6CA /* UserRealm.swift */ = {isa = PBXFileReference; lastKnownFileType = sourcecode.swift; path = UserRealm.swift; sourceTree = "<group>"; };
		669CFDAF22871985001DB6CA /* LoadingBarView.swift */ = {isa = PBXFileReference; lastKnownFileType = sourcecode.swift; path = LoadingBarView.swift; sourceTree = "<group>"; };
		66C1DF3C225DDCE200049855 /* LabelStyles.swift */ = {isa = PBXFileReference; lastKnownFileType = sourcecode.swift; path = LabelStyles.swift; sourceTree = "<group>"; };
		66C1DF5C226467D900049855 /* BaseViewContoller.swift */ = {isa = PBXFileReference; lastKnownFileType = sourcecode.swift; path = BaseViewContoller.swift; sourceTree = "<group>"; };
		66C1DF5E2264680200049855 /* UITableViewCell+Ext.swift */ = {isa = PBXFileReference; lastKnownFileType = sourcecode.swift; path = "UITableViewCell+Ext.swift"; sourceTree = "<group>"; };
		66C1DF6322646A5900049855 /* Network.strings */ = {isa = PBXFileReference; lastKnownFileType = text.plist.strings; name = Network.strings; path = ../Network.strings; sourceTree = "<group>"; };
		66C1DF6622646AE000049855 /* StringLookup.swift */ = {isa = PBXFileReference; lastKnownFileType = sourcecode.swift; path = StringLookup.swift; sourceTree = "<group>"; };
		66C36076225897FE0018A579 /* Showcase.app */ = {isa = PBXFileReference; explicitFileType = wrapper.application; includeInIndex = 0; path = Showcase.app; sourceTree = BUILT_PRODUCTS_DIR; };
		66C36079225897FE0018A579 /* AppDelegate.swift */ = {isa = PBXFileReference; lastKnownFileType = sourcecode.swift; path = AppDelegate.swift; sourceTree = "<group>"; };
		66C36080225898000018A579 /* Assets.xcassets */ = {isa = PBXFileReference; lastKnownFileType = folder.assetcatalog; path = Assets.xcassets; sourceTree = "<group>"; };
		66C36083225898000018A579 /* Base */ = {isa = PBXFileReference; lastKnownFileType = file.storyboard; name = Base; path = Base.lproj/LaunchScreen.storyboard; sourceTree = "<group>"; };
		66C36085225898000018A579 /* Info.plist */ = {isa = PBXFileReference; lastKnownFileType = text.plist.xml; path = Info.plist; sourceTree = "<group>"; };
		66C3608A225898000018A579 /* ShowcaseTests.xctest */ = {isa = PBXFileReference; explicitFileType = wrapper.cfbundle; includeInIndex = 0; path = ShowcaseTests.xctest; sourceTree = BUILT_PRODUCTS_DIR; };
		66C36090225898000018A579 /* Info.plist */ = {isa = PBXFileReference; lastKnownFileType = text.plist.xml; path = Info.plist; sourceTree = "<group>"; };
		66C36095225898000018A579 /* ShowcaseUITests.xctest */ = {isa = PBXFileReference; explicitFileType = wrapper.cfbundle; includeInIndex = 0; path = ShowcaseUITests.xctest; sourceTree = BUILT_PRODUCTS_DIR; };
		66C36099225898000018A579 /* ShowcaseUITests.swift */ = {isa = PBXFileReference; lastKnownFileType = sourcecode.swift; path = ShowcaseUITests.swift; sourceTree = "<group>"; };
		66C3609B225898000018A579 /* Info.plist */ = {isa = PBXFileReference; lastKnownFileType = text.plist.xml; path = Info.plist; sourceTree = "<group>"; };
		66C360AB2258A9D40018A579 /* User.swift */ = {isa = PBXFileReference; fileEncoding = 4; lastKnownFileType = sourcecode.swift; path = User.swift; sourceTree = "<group>"; };
		66C360AC2258A9D40018A579 /* Comment.swift */ = {isa = PBXFileReference; fileEncoding = 4; lastKnownFileType = sourcecode.swift; path = Comment.swift; sourceTree = "<group>"; };
		66C360AD2258A9D50018A579 /* Post.swift */ = {isa = PBXFileReference; fileEncoding = 4; lastKnownFileType = sourcecode.swift; path = Post.swift; sourceTree = "<group>"; };
		66C360B22258AA090018A579 /* PostRealm.swift */ = {isa = PBXFileReference; fileEncoding = 4; lastKnownFileType = sourcecode.swift; path = PostRealm.swift; sourceTree = "<group>"; };
		66C360B42258B4F30018A579 /* HTTPStatusCode.swift */ = {isa = PBXFileReference; lastKnownFileType = sourcecode.swift; path = HTTPStatusCode.swift; sourceTree = "<group>"; };
		66C360B62258B53A0018A579 /* NetworkError.swift */ = {isa = PBXFileReference; lastKnownFileType = sourcecode.swift; path = NetworkError.swift; sourceTree = "<group>"; };
		66C360B82258B7E50018A579 /* ClientError.swift */ = {isa = PBXFileReference; lastKnownFileType = sourcecode.swift; path = ClientError.swift; sourceTree = "<group>"; };
		66C360BB2258B8890018A579 /* ErrorExt.swift */ = {isa = PBXFileReference; lastKnownFileType = sourcecode.swift; path = ErrorExt.swift; sourceTree = "<group>"; };
		66CC6876228BF16B00A7FB11 /* NoContentView.swift */ = {isa = PBXFileReference; lastKnownFileType = sourcecode.swift; path = NoContentView.swift; sourceTree = "<group>"; };
		66CC6878228BF17900A7FB11 /* NoContentView.xib */ = {isa = PBXFileReference; lastKnownFileType = file.xib; path = NoContentView.xib; sourceTree = "<group>"; };
		66D21154226E59C8004EDB70 /* NetworkStrings.swift */ = {isa = PBXFileReference; lastKnownFileType = sourcecode.swift; path = NetworkStrings.swift; sourceTree = "<group>"; };
		66ECE1F4226652D800D3A670 /* RxMoya.framework */ = {isa = PBXFileReference; lastKnownFileType = wrapper.framework; name = RxMoya.framework; path = Carthage/Build/iOS/RxMoya.framework; sourceTree = "<group>"; };
		66ECE1F5226652D800D3A670 /* RxRealm.framework */ = {isa = PBXFileReference; lastKnownFileType = wrapper.framework; name = RxRealm.framework; path = Carthage/Build/iOS/RxRealm.framework; sourceTree = "<group>"; };
		66ECE1F6226652D800D3A670 /* RxSwift.framework */ = {isa = PBXFileReference; lastKnownFileType = wrapper.framework; name = RxSwift.framework; path = Carthage/Build/iOS/RxSwift.framework; sourceTree = "<group>"; };
		66ECE1F7226652D800D3A670 /* RxSwiftExt.framework */ = {isa = PBXFileReference; lastKnownFileType = wrapper.framework; name = RxSwiftExt.framework; path = Carthage/Build/iOS/RxSwiftExt.framework; sourceTree = "<group>"; };
		66ECE1F9226652D800D3A670 /* RxDataSources.framework */ = {isa = PBXFileReference; lastKnownFileType = wrapper.framework; name = RxDataSources.framework; path = Carthage/Build/iOS/RxDataSources.framework; sourceTree = "<group>"; };
		66ECE1FA226652D800D3A670 /* RxBlocking.framework */ = {isa = PBXFileReference; lastKnownFileType = wrapper.framework; name = RxBlocking.framework; path = Carthage/Build/iOS/RxBlocking.framework; sourceTree = "<group>"; };
		66ECE1FC226652D800D3A670 /* Result.framework */ = {isa = PBXFileReference; lastKnownFileType = wrapper.framework; name = Result.framework; path = Carthage/Build/iOS/Result.framework; sourceTree = "<group>"; };
		66ECE1FD226652D800D3A670 /* Differentiator.framework */ = {isa = PBXFileReference; lastKnownFileType = wrapper.framework; name = Differentiator.framework; path = Carthage/Build/iOS/Differentiator.framework; sourceTree = "<group>"; };
		66ECE1FE226652D800D3A670 /* RxOptional.framework */ = {isa = PBXFileReference; lastKnownFileType = wrapper.framework; name = RxOptional.framework; path = Carthage/Build/iOS/RxOptional.framework; sourceTree = "<group>"; };
		66ECE200226652D900D3A670 /* SnapKit.framework */ = {isa = PBXFileReference; lastKnownFileType = wrapper.framework; name = SnapKit.framework; path = Carthage/Build/iOS/SnapKit.framework; sourceTree = "<group>"; };
		66ECE201226652D900D3A670 /* Moya.framework */ = {isa = PBXFileReference; lastKnownFileType = wrapper.framework; name = Moya.framework; path = Carthage/Build/iOS/Moya.framework; sourceTree = "<group>"; };
		66ECE202226652D900D3A670 /* RxCocoa.framework */ = {isa = PBXFileReference; lastKnownFileType = wrapper.framework; name = RxCocoa.framework; path = Carthage/Build/iOS/RxCocoa.framework; sourceTree = "<group>"; };
		66ECE203226652D900D3A670 /* Alamofire.framework */ = {isa = PBXFileReference; lastKnownFileType = wrapper.framework; name = Alamofire.framework; path = Carthage/Build/iOS/Alamofire.framework; sourceTree = "<group>"; };
		66ECE204226652D900D3A670 /* RxTest.framework */ = {isa = PBXFileReference; lastKnownFileType = wrapper.framework; name = RxTest.framework; path = Carthage/Build/iOS/RxTest.framework; sourceTree = "<group>"; };
		66ECE205226652D900D3A670 /* RealmSwift.framework */ = {isa = PBXFileReference; lastKnownFileType = wrapper.framework; name = RealmSwift.framework; path = Carthage/Build/iOS/RealmSwift.framework; sourceTree = "<group>"; };
		66ECE206226652D900D3A670 /* RxGesture.framework */ = {isa = PBXFileReference; lastKnownFileType = wrapper.framework; name = RxGesture.framework; path = Carthage/Build/iOS/RxGesture.framework; sourceTree = "<group>"; };
		66ECE207226652D900D3A670 /* Realm.framework */ = {isa = PBXFileReference; lastKnownFileType = wrapper.framework; name = Realm.framework; path = Carthage/Build/iOS/Realm.framework; sourceTree = "<group>"; };
		66ECE21C22665CC100D3A670 /* MemoryModel.swift */ = {isa = PBXFileReference; lastKnownFileType = sourcecode.swift; path = MemoryModel.swift; sourceTree = "<group>"; };
		66ECE22122665E4300D3A670 /* RealmDataManager.swift */ = {isa = PBXFileReference; lastKnownFileType = sourcecode.swift; path = RealmDataManager.swift; sourceTree = "<group>"; };
/* End PBXFileReference section */

/* Begin PBXFrameworksBuildPhase section */
		66C36073225897FE0018A579 /* Frameworks */ = {
			isa = PBXFrameworksBuildPhase;
			buildActionMask = 2147483647;
			files = (
				66ECE208226652D900D3A670 /* RxMoya.framework in Frameworks */,
				666731BA2287529C0008AD84 /* RxRelay.framework in Frameworks */,
				66ECE209226652D900D3A670 /* RxRealm.framework in Frameworks */,
				66ECE20A226652D900D3A670 /* RxSwift.framework in Frameworks */,
				66ECE20B226652D900D3A670 /* RxSwiftExt.framework in Frameworks */,
				66ECE20D226652D900D3A670 /* RxDataSources.framework in Frameworks */,
				66ECE210226652D900D3A670 /* Result.framework in Frameworks */,
				66ECE211226652D900D3A670 /* Differentiator.framework in Frameworks */,
				66ECE212226652D900D3A670 /* RxOptional.framework in Frameworks */,
				66ECE214226652D900D3A670 /* SnapKit.framework in Frameworks */,
				66ECE215226652D900D3A670 /* Moya.framework in Frameworks */,
				66ECE216226652D900D3A670 /* RxCocoa.framework in Frameworks */,
				66ECE217226652D900D3A670 /* Alamofire.framework in Frameworks */,
				66ECE219226652D900D3A670 /* RealmSwift.framework in Frameworks */,
				66ECE21A226652D900D3A670 /* RxGesture.framework in Frameworks */,
				66ECE21B226652D900D3A670 /* Realm.framework in Frameworks */,
			);
			runOnlyForDeploymentPostprocessing = 0;
		};
		66C36087225898000018A579 /* Frameworks */ = {
			isa = PBXFrameworksBuildPhase;
			buildActionMask = 2147483647;
			files = (
				661D5E7C2272E5990032C866 /* RxTest.framework in Frameworks */,
				661D5E7B2272E5960032C866 /* RxSwift.framework in Frameworks */,
				6637F78D2286BCE500D1715D /* RxBlocking.framework in Frameworks */,
			);
			runOnlyForDeploymentPostprocessing = 0;
		};
		66C36092225898000018A579 /* Frameworks */ = {
			isa = PBXFrameworksBuildPhase;
			buildActionMask = 2147483647;
			files = (
			);
			runOnlyForDeploymentPostprocessing = 0;
		};
/* End PBXFrameworksBuildPhase section */

/* Begin PBXGroup section */
		660F7E43225B1B1500D00072 /* Routers */ = {
			isa = PBXGroup;
			children = (
				660F7E44225B1B2500D00072 /* JsonPlaceholderRouter.swift */,
			);
			path = Routers;
			sourceTree = "<group>";
		};
		660F7E4A225B1B4600D00072 /* Providers */ = {
			isa = PBXGroup;
			children = (
				6632E22A226B249E00F74A8E /* MoyaProvider.swift */,
				665D39CC228C6BC500EA3CB2 /* AlamofireManager.swift */,
			);
			path = Providers;
			sourceTree = "<group>";
		};
		660F7E4B225B1B5A00D00072 /* StatusCodes */ = {
			isa = PBXGroup;
			children = (
				66C360B42258B4F30018A579 /* HTTPStatusCode.swift */,
			);
			path = StatusCodes;
			sourceTree = "<group>";
		};
		660F7E4C225B2D2400D00072 /* UIComponents */ = {
			isa = PBXGroup;
			children = (
				66C1DF5B226467C400049855 /* BaseViewController */,
				660F7E52225B2FEF00D00072 /* Styling */,
				666731C52287F7560008AD84 /* ReuseableViews */,
				66113642225C8206007E77A6 /* ReuseableNibs */,
			);
			path = UIComponents;
			sourceTree = "<group>";
		};
		660F7E4D225B2D3700D00072 /* ViewControllers+Models */ = {
			isa = PBXGroup;
			children = (
				664495CF229BFF6D00B5C170 /* PostsSceneCoordinator.swift */,
				6632E234226B52EB00F74A8E /* PostsList */,
				666731BB2287F52D0008AD84 /* PostDetail */,
			);
			path = "ViewControllers+Models";
			sourceTree = "<group>";
		};
		660F7E52225B2FEF00D00072 /* Styling */ = {
			isa = PBXGroup;
			children = (
				665D39D5228C7B1A00EA3CB2 /* Buttons */,
				666731C22287F69E0008AD84 /* Fonts */,
				66C1DF3B225DDCAF00049855 /* Labels */,
			);
			path = Styling;
			sourceTree = "<group>";
		};
		66113634225C2CF6007E77A6 /* Extensions */ = {
			isa = PBXGroup;
			children = (
				666731C32287F6D80008AD84 /* UI+Ext */,
				6632E223226B0E4700F74A8E /* Reactive+Ext */,
			);
			path = Extensions;
			sourceTree = "<group>";
		};
		66113639225C2ECB007E77A6 /* JsonPlaceholder */ = {
			isa = PBXGroup;
			children = (
				66C360AC2258A9D40018A579 /* Comment.swift */,
				66C360AD2258A9D50018A579 /* Post.swift */,
				66C360AB2258A9D40018A579 /* User.swift */,
			);
			path = JsonPlaceholder;
			sourceTree = "<group>";
		};
		66113642225C8206007E77A6 /* ReuseableNibs */ = {
			isa = PBXGroup;
			children = (
				660F7E50225B2FC100D00072 /* ReusableViewFromNib.swift */,
			);
			path = ReuseableNibs;
			sourceTree = "<group>";
		};
		6632E223226B0E4700F74A8E /* Reactive+Ext */ = {
			isa = PBXGroup;
			children = (
				6632E226226B0FB700F74A8E /* UIAlertContoller+Rx.swift */,
			);
			path = "Reactive+Ext";
			sourceTree = "<group>";
		};
		6632E234226B52EB00F74A8E /* PostsList */ = {
			isa = PBXGroup;
			children = (
				666731CB228827710008AD84 /* Controller */,
				666731CC228827770008AD84 /* Model */,
				666731D0228856DA0008AD84 /* Views */,
			);
			path = PostsList;
			sourceTree = "<group>";
		};
		6632E23B226CF70400F74A8E /* Strings */ = {
			isa = PBXGroup;
			children = (
				66C1DF6322646A5900049855 /* Network.strings */,
				6632E239226CF67C00F74A8E /* Placeholder.strings */,
			);
			path = Strings;
			sourceTree = "<group>";
		};
		665D39CE228C735900EA3CB2 /* ModelTests */ = {
			isa = PBXGroup;
			children = (
				665D39CF228C736500EA3CB2 /* ModelTests.swift */,
			);
			path = ModelTests;
			sourceTree = "<group>";
		};
		665D39D1228C73CF00EA3CB2 /* RouterTests */ = {
			isa = PBXGroup;
			children = (
				665D39D2228C73DB00EA3CB2 /* RouterTests.swift */,
			);
			path = RouterTests;
			sourceTree = "<group>";
		};
		665D39D4228C748F00EA3CB2 /* TestManagers */ = {
			isa = PBXGroup;
			children = (
				665B989E227978FE00D4F9A6 /* TestDataManager.swift */,
				665B98A022797C3E00D4F9A6 /* TestNetworkProvider.swift */,
			);
			path = TestManagers;
			sourceTree = "<group>";
		};
		665D39D5228C7B1A00EA3CB2 /* Buttons */ = {
			isa = PBXGroup;
			children = (
				661A2DC9228C7B570043415C /* ButtonStyles.swift */,
			);
			path = Buttons;
			sourceTree = "<group>";
		};
		666731BB2287F52D0008AD84 /* PostDetail */ = {
			isa = PBXGroup;
			children = (
				666731CD2288278A0008AD84 /* Controller */,
				666731CE2288278F0008AD84 /* Model */,
				666731CF228827940008AD84 /* View */,
			);
			path = PostDetail;
			sourceTree = "<group>";
		};
		666731C22287F69E0008AD84 /* Fonts */ = {
			isa = PBXGroup;
			children = (
				660F7E53225B300700D00072 /* FontStyle.swift */,
				666731C02287F6930008AD84 /* Roboto-Regular.ttf */,
			);
			path = Fonts;
			sourceTree = "<group>";
		};
		666731C32287F6D80008AD84 /* UI+Ext */ = {
			isa = PBXGroup;
			children = (
				66C1DF5E2264680200049855 /* UITableViewCell+Ext.swift */,
				666731BE2287F6190008AD84 /* UIColor+Ext.swift */,
			);
			path = "UI+Ext";
			sourceTree = "<group>";
		};
		666731C52287F7560008AD84 /* ReuseableViews */ = {
			isa = PBXGroup;
			children = (
				669CFDAF22871985001DB6CA /* LoadingBarView.swift */,
				66CC6876228BF16B00A7FB11 /* NoContentView.swift */,
				66CC6878228BF17900A7FB11 /* NoContentView.xib */,
			);
			path = ReuseableViews;
			sourceTree = "<group>";
		};
		666731C8228808480008AD84 /* PostDetailHeader */ = {
			isa = PBXGroup;
			children = (
				666731BC2287F5590008AD84 /* PostDetailHeaderView.xib */,
				666731C62287F7DB0008AD84 /* PostDetailHeaderView.swift */,
			);
			path = PostDetailHeader;
			sourceTree = "<group>";
		};
		666731CB228827710008AD84 /* Controller */ = {
			isa = PBXGroup;
			children = (
				6632E232226B52E400F74A8E /* PostsListViewController.swift */,
			);
			path = Controller;
			sourceTree = "<group>";
		};
		666731CC228827770008AD84 /* Model */ = {
			isa = PBXGroup;
			children = (
				6632E235226B53B600F74A8E /* PostListViewModel.swift */,
				6637F78B2286BA6C00D1715D /* PostListSection+Item.swift */,
			);
			path = Model;
			sourceTree = "<group>";
		};
		666731CD2288278A0008AD84 /* Controller */ = {
			isa = PBXGroup;
			children = (
				6632E22E226B4CB200F74A8E /* PostDetailViewContoller.swift */,
			);
			path = Controller;
			sourceTree = "<group>";
		};
		666731CE2288278F0008AD84 /* Model */ = {
			isa = PBXGroup;
			children = (
				666731C922880EB50008AD84 /* PostDetailViewModel.swift */,
			);
			path = Model;
			sourceTree = "<group>";
		};
		666731CF228827940008AD84 /* View */ = {
			isa = PBXGroup;
			children = (
				666731C8228808480008AD84 /* PostDetailHeader */,
			);
			path = View;
			sourceTree = "<group>";
		};
		666731D0228856DA0008AD84 /* Views */ = {
			isa = PBXGroup;
			children = (
				666731D1228856EE0008AD84 /* UserTableViewCell.swift */,
				666731D3228858820008AD84 /* PostTableViewCell.swift */,
			);
			path = Views;
			sourceTree = "<group>";
		};
		666731DB22889B650008AD84 /* FixtureLoader */ = {
			isa = PBXGroup;
			children = (
				666731D922889B5E0008AD84 /* FixtureLoader.swift */,
			);
			path = FixtureLoader;
			sourceTree = "<group>";
		};
		666731DC22889BB40008AD84 /* JSON */ = {
			isa = PBXGroup;
			children = (
				666731DD22889BED0008AD84 /* Post.json */,
				666731DF22889C070008AD84 /* User.json */,
			);
			path = JSON;
			sourceTree = "<group>";
		};
		666731E122889CA20008AD84 /* ViewModelTests */ = {
			isa = PBXGroup;
			children = (
				666731D522885CA40008AD84 /* PostListViewModelTests.swift */,
			);
			path = ViewModelTests;
			sourceTree = "<group>";
		};
		669CFDAB22870A5E001DB6CA /* Models */ = {
			isa = PBXGroup;
			children = (
				66C360B22258AA090018A579 /* PostRealm.swift */,
				669CFDAC22870A6E001DB6CA /* UserRealm.swift */,
			);
			path = Models;
			sourceTree = "<group>";
		};
		669CFDAE22870D0A001DB6CA /* Protocols */ = {
			isa = PBXGroup;
			children = (
				66ECE21C22665CC100D3A670 /* MemoryModel.swift */,
				661D6DA5226728BB0086E464 /* RealmObject.swift */,
			);
			path = Protocols;
			sourceTree = "<group>";
		};
		66C1DF3B225DDCAF00049855 /* Labels */ = {
			isa = PBXGroup;
			children = (
				66C1DF3C225DDCE200049855 /* LabelStyles.swift */,
			);
			path = Labels;
			sourceTree = "<group>";
		};
		66C1DF5522630FB000049855 /* Carthage */ = {
			isa = PBXGroup;
			children = (
			);
			name = Carthage;
			path = Showcase/Carthage;
			sourceTree = "<group>";
		};
		66C1DF5B226467C400049855 /* BaseViewController */ = {
			isa = PBXGroup;
			children = (
				66C1DF5C226467D900049855 /* BaseViewContoller.swift */,
			);
			path = BaseViewController;
			sourceTree = "<group>";
		};
		66C1DF6522646A9C00049855 /* Localization */ = {
			isa = PBXGroup;
			children = (
				66C1DF6622646AE000049855 /* StringLookup.swift */,
				6632E23B226CF70400F74A8E /* Strings */,
				66D21156226E59E1004EDB70 /* StringTables */,
			);
			path = Localization;
			sourceTree = "<group>";
		};
		66C3606D225897FE0018A579 = {
			isa = PBXGroup;
			children = (
				66C36078225897FE0018A579 /* Showcase */,
				66C3608D225898000018A579 /* ShowcaseTests */,
				66C36098225898000018A579 /* ShowcaseUITests */,
				66C36077225897FE0018A579 /* Products */,
				66ECE1B422664D2B00D3A670 /* Frameworks */,
			);
			sourceTree = "<group>";
		};
		66C36077225897FE0018A579 /* Products */ = {
			isa = PBXGroup;
			children = (
				66C36076225897FE0018A579 /* Showcase.app */,
				66C3608A225898000018A579 /* ShowcaseTests.xctest */,
				66C36095225898000018A579 /* ShowcaseUITests.xctest */,
			);
			name = Products;
			sourceTree = "<group>";
		};
		66C36078225897FE0018A579 /* Showcase */ = {
			isa = PBXGroup;
			children = (
				66ECE18B22664CB500D3A670 /* App */,
				66C360BA2258B86C0018A579 /* ErrorLogging */,
				66C1DF6522646A9C00049855 /* Localization */,
				66C360AA2258A9BC0018A579 /* Model */,
				66C360A72258A5010018A579 /* Network */,
				66C360B12258A9F40018A579 /* Persistence */,
				660F7E4C225B2D2400D00072 /* UIComponents */,
				660F7E4D225B2D3700D00072 /* ViewControllers+Models */,
				66113634225C2CF6007E77A6 /* Extensions */,
				66C36080225898000018A579 /* Assets.xcassets */,
				66C36085225898000018A579 /* Info.plist */,
			);
			path = Showcase;
			sourceTree = "<group>";
		};
		66C3608D225898000018A579 /* ShowcaseTests */ = {
			isa = PBXGroup;
			children = (
				665D39D4228C748F00EA3CB2 /* TestManagers */,
				665D39D1228C73CF00EA3CB2 /* RouterTests */,
				665D39CE228C735900EA3CB2 /* ModelTests */,
				666731E122889CA20008AD84 /* ViewModelTests */,
				666731DC22889BB40008AD84 /* JSON */,
				666731DB22889B650008AD84 /* FixtureLoader */,
				66C36090225898000018A579 /* Info.plist */,
			);
			path = ShowcaseTests;
			sourceTree = "<group>";
		};
		66C36098225898000018A579 /* ShowcaseUITests */ = {
			isa = PBXGroup;
			children = (
				66C36099225898000018A579 /* ShowcaseUITests.swift */,
				66C3609B225898000018A579 /* Info.plist */,
			);
			path = ShowcaseUITests;
			sourceTree = "<group>";
		};
		66C360A72258A5010018A579 /* Network */ = {
			isa = PBXGroup;
			children = (
				660F7E4B225B1B5A00D00072 /* StatusCodes */,
				660F7E4A225B1B4600D00072 /* Providers */,
				660F7E43225B1B1500D00072 /* Routers */,
			);
			path = Network;
			sourceTree = "<group>";
		};
		66C360AA2258A9BC0018A579 /* Model */ = {
			isa = PBXGroup;
			children = (
				66113639225C2ECB007E77A6 /* JsonPlaceholder */,
			);
			path = Model;
			sourceTree = "<group>";
		};
		66C360B12258A9F40018A579 /* Persistence */ = {
			isa = PBXGroup;
			children = (
				669CFDAE22870D0A001DB6CA /* Protocols */,
				669CFDAB22870A5E001DB6CA /* Models */,
				66ECE22022665D3300D3A670 /* Realm */,
			);
			path = Persistence;
			sourceTree = "<group>";
		};
		66C360BA2258B86C0018A579 /* ErrorLogging */ = {
			isa = PBXGroup;
			children = (
				66C360B62258B53A0018A579 /* NetworkError.swift */,
				66C360B82258B7E50018A579 /* ClientError.swift */,
				66C360BB2258B8890018A579 /* ErrorExt.swift */,
				660655AB2271930400532855 /* MoyaError+Ext.swift */,
			);
			path = ErrorLogging;
			sourceTree = "<group>";
		};
		66D21156226E59E1004EDB70 /* StringTables */ = {
			isa = PBXGroup;
			children = (
				6632E23E226CF74600F74A8E /* PlaceholderStrings.swift */,
				66D21154226E59C8004EDB70 /* NetworkStrings.swift */,
			);
			path = StringTables;
			sourceTree = "<group>";
		};
		66ECE18B22664CB500D3A670 /* App */ = {
			isa = PBXGroup;
			children = (
				66C36079225897FE0018A579 /* AppDelegate.swift */,
				664495CD229BEDED00B5C170 /* AppCoordinator.swift */,
				66C36082225898000018A579 /* LaunchScreen.storyboard */,
			);
			path = App;
			sourceTree = "<group>";
		};
		66ECE1B422664D2B00D3A670 /* Frameworks */ = {
			isa = PBXGroup;
			children = (
				666731B92287529C0008AD84 /* RxRelay.framework */,
				66ECE203226652D900D3A670 /* Alamofire.framework */,
				66ECE1FD226652D800D3A670 /* Differentiator.framework */,
				66ECE201226652D900D3A670 /* Moya.framework */,
				66ECE207226652D900D3A670 /* Realm.framework */,
				66ECE205226652D900D3A670 /* RealmSwift.framework */,
				66ECE1FC226652D800D3A670 /* Result.framework */,
				66ECE1FA226652D800D3A670 /* RxBlocking.framework */,
				66ECE202226652D900D3A670 /* RxCocoa.framework */,
				66ECE1F9226652D800D3A670 /* RxDataSources.framework */,
				66ECE206226652D900D3A670 /* RxGesture.framework */,
				66ECE1F4226652D800D3A670 /* RxMoya.framework */,
				66ECE1FE226652D800D3A670 /* RxOptional.framework */,
				66ECE1F5226652D800D3A670 /* RxRealm.framework */,
				66ECE1F6226652D800D3A670 /* RxSwift.framework */,
				66ECE1F7226652D800D3A670 /* RxSwiftExt.framework */,
				66ECE204226652D900D3A670 /* RxTest.framework */,
				66ECE200226652D900D3A670 /* SnapKit.framework */,
				66C1DF5522630FB000049855 /* Carthage */,
			);
			name = Frameworks;
			sourceTree = "<group>";
		};
		66ECE22022665D3300D3A670 /* Realm */ = {
			isa = PBXGroup;
			children = (
				66ECE22122665E4300D3A670 /* RealmDataManager.swift */,
				6632E237226B6EA800F74A8E /* RealmConfiguration.swift */,
			);
			path = Realm;
			sourceTree = "<group>";
		};
/* End PBXGroup section */

/* Begin PBXNativeTarget section */
		66C36075225897FE0018A579 /* Showcase */ = {
			isa = PBXNativeTarget;
			buildConfigurationList = 66C3609E225898000018A579 /* Build configuration list for PBXNativeTarget "Showcase" */;
			buildPhases = (
				66C36072225897FE0018A579 /* Sources */,
				66C36073225897FE0018A579 /* Frameworks */,
				66C36074225897FE0018A579 /* Resources */,
				66ECE1F122664DE600D3A670 /* CArthage */,
			);
			buildRules = (
			);
			dependencies = (
			);
			name = Showcase;
			productName = Showcase;
			productReference = 66C36076225897FE0018A579 /* Showcase.app */;
			productType = "com.apple.product-type.application";
		};
		66C36089225898000018A579 /* ShowcaseTests */ = {
			isa = PBXNativeTarget;
			buildConfigurationList = 66C360A1225898000018A579 /* Build configuration list for PBXNativeTarget "ShowcaseTests" */;
			buildPhases = (
				66C36086225898000018A579 /* Sources */,
				66C36087225898000018A579 /* Frameworks */,
				66C36088225898000018A579 /* Resources */,
			);
			buildRules = (
			);
			dependencies = (
				66C3608C225898000018A579 /* PBXTargetDependency */,
			);
			name = ShowcaseTests;
			productName = ShowcaseTests;
			productReference = 66C3608A225898000018A579 /* ShowcaseTests.xctest */;
			productType = "com.apple.product-type.bundle.unit-test";
		};
		66C36094225898000018A579 /* ShowcaseUITests */ = {
			isa = PBXNativeTarget;
			buildConfigurationList = 66C360A4225898000018A579 /* Build configuration list for PBXNativeTarget "ShowcaseUITests" */;
			buildPhases = (
				66C36091225898000018A579 /* Sources */,
				66C36092225898000018A579 /* Frameworks */,
				66C36093225898000018A579 /* Resources */,
			);
			buildRules = (
			);
			dependencies = (
				66C36097225898000018A579 /* PBXTargetDependency */,
			);
			name = ShowcaseUITests;
			productName = ShowcaseUITests;
			productReference = 66C36095225898000018A579 /* ShowcaseUITests.xctest */;
			productType = "com.apple.product-type.bundle.ui-testing";
		};
/* End PBXNativeTarget section */

/* Begin PBXProject section */
		66C3606E225897FE0018A579 /* Project object */ = {
			isa = PBXProject;
			attributes = {
				LastSwiftUpdateCheck = 1020;
				LastUpgradeCheck = 1020;
				ORGANIZATIONNAME = "James Birtwell";
				TargetAttributes = {
					66C36075225897FE0018A579 = {
						CreatedOnToolsVersion = 10.2;
					};
					66C36089225898000018A579 = {
						CreatedOnToolsVersion = 10.2;
						TestTargetID = 66C36075225897FE0018A579;
					};
					66C36094225898000018A579 = {
						CreatedOnToolsVersion = 10.2;
						TestTargetID = 66C36075225897FE0018A579;
					};
				};
			};
			buildConfigurationList = 66C36071225897FE0018A579 /* Build configuration list for PBXProject "Showcase" */;
			compatibilityVersion = "Xcode 9.3";
			developmentRegion = en;
			hasScannedForEncodings = 0;
			knownRegions = (
				en,
				Base,
			);
			mainGroup = 66C3606D225897FE0018A579;
			productRefGroup = 66C36077225897FE0018A579 /* Products */;
			projectDirPath = "";
			projectRoot = "";
			targets = (
				66C36075225897FE0018A579 /* Showcase */,
				66C36089225898000018A579 /* ShowcaseTests */,
				66C36094225898000018A579 /* ShowcaseUITests */,
			);
		};
/* End PBXProject section */

/* Begin PBXResourcesBuildPhase section */
		66C36074225897FE0018A579 /* Resources */ = {
			isa = PBXResourcesBuildPhase;
			buildActionMask = 2147483647;
			files = (
				66C36084225898000018A579 /* LaunchScreen.storyboard in Resources */,
				66C1DF6422646A5900049855 /* Network.strings in Resources */,
				666731C12287F6930008AD84 /* Roboto-Regular.ttf in Resources */,
				66C36081225898000018A579 /* Assets.xcassets in Resources */,
				666731BD2287F5590008AD84 /* PostDetailHeaderView.xib in Resources */,
				66CC6879228BF17900A7FB11 /* NoContentView.xib in Resources */,
				6632E23A226CF67C00F74A8E /* Placeholder.strings in Resources */,
			);
			runOnlyForDeploymentPostprocessing = 0;
		};
		66C36088225898000018A579 /* Resources */ = {
			isa = PBXResourcesBuildPhase;
			buildActionMask = 2147483647;
			files = (
				666731E022889C070008AD84 /* User.json in Resources */,
				666731DE22889BED0008AD84 /* Post.json in Resources */,
			);
			runOnlyForDeploymentPostprocessing = 0;
		};
		66C36093225898000018A579 /* Resources */ = {
			isa = PBXResourcesBuildPhase;
			buildActionMask = 2147483647;
			files = (
			);
			runOnlyForDeploymentPostprocessing = 0;
		};
/* End PBXResourcesBuildPhase section */

/* Begin PBXShellScriptBuildPhase section */
		66ECE1F122664DE600D3A670 /* CArthage */ = {
			isa = PBXShellScriptBuildPhase;
			buildActionMask = 2147483647;
			files = (
			);
			inputFileListPaths = (
			);
			inputPaths = (
				"$(SRCROOT)/Carthage/Build/iOS/Alamofire.framework",
				"$(SRCROOT)/Carthage/Build/iOS/Differentiator.framework",
				"$(SRCROOT)/Carthage/Build/iOS/Moya.framework",
				"$(SRCROOT)/Carthage/Build/iOS/Realm.framework",
				"$(SRCROOT)/Carthage/Build/iOS/RealmSwift.framework",
				"$(SRCROOT)/Carthage/Build/iOS/Result.framework",
				"$(SRCROOT)/Carthage/Build/iOS/RxBlocking.framework",
				"$(SRCROOT)/Carthage/Build/iOS/RxCocoa.framework",
				"$(SRCROOT)/Carthage/Build/iOS/RxDataSources.framework",
				"$(SRCROOT)/Carthage/Build/iOS/RxGesture.framework",
				"$(SRCROOT)/Carthage/Build/iOS/RxMoya.framework",
				"$(SRCROOT)/Carthage/Build/iOS/RxOptional.framework",
				"$(SRCROOT)/Carthage/Build/iOS/RxRealm.framework",
				"$(SRCROOT)/Carthage/Build/iOS/RxSwift.framework",
				"$(SRCROOT)/Carthage/Build/iOS/RxSwiftExt.framework",
				"$(SRCROOT)/Carthage/Build/iOS/RxTest.framework",
				"$(SRCROOT)/Carthage/Build/iOS/SnapKit.framework",
				"$(SRCROOT)/Carthage/Build/iOS/RxRelay.framework",
			);
			name = CArthage;
			outputFileListPaths = (
			);
			outputPaths = (
				"$(BUILT_PRODUCTS_DIR)/$(FRAMEWORKS_FOLDER_PATH)/Alamofire.framework",
				"$(BUILT_PRODUCTS_DIR)/$(FRAMEWORKS_FOLDER_PATH)/Differentiator.framework",
				"$(BUILT_PRODUCTS_DIR)/$(FRAMEWORKS_FOLDER_PATH)/Moya.framework",
				"$(BUILT_PRODUCTS_DIR)/$(FRAMEWORKS_FOLDER_PATH)/Realm.framework",
				"$(BUILT_PRODUCTS_DIR)/$(FRAMEWORKS_FOLDER_PATH)/RealmSwift.framework",
				"$(BUILT_PRODUCTS_DIR)/$(FRAMEWORKS_FOLDER_PATH)/Result.framework",
				"$(BUILT_PRODUCTS_DIR)/$(FRAMEWORKS_FOLDER_PATH)/RxBlocking.framework",
				"$(BUILT_PRODUCTS_DIR)/$(FRAMEWORKS_FOLDER_PATH)/RxCocoa.framework",
				"$(BUILT_PRODUCTS_DIR)/$(FRAMEWORKS_FOLDER_PATH)/RxDataSources.framework",
				"$(BUILT_PRODUCTS_DIR)/$(FRAMEWORKS_FOLDER_PATH)/RxGesture.framework",
				"$(BUILT_PRODUCTS_DIR)/$(FRAMEWORKS_FOLDER_PATH)/RxMoya.framework",
				"$(BUILT_PRODUCTS_DIR)/$(FRAMEWORKS_FOLDER_PATH)/RxOptional.framework",
				"$(BUILT_PRODUCTS_DIR)/$(FRAMEWORKS_FOLDER_PATH)/RxRealm.framework",
				"$(BUILT_PRODUCTS_DIR)/$(FRAMEWORKS_FOLDER_PATH)/RxSwift.framework",
				"$(BUILT_PRODUCTS_DIR)/$(FRAMEWORKS_FOLDER_PATH)/RxSwiftExt.framework",
				"$(BUILT_PRODUCTS_DIR)/$(FRAMEWORKS_FOLDER_PATH)/RxTest.framework",
				"$(BUILT_PRODUCTS_DIR)/$(FRAMEWORKS_FOLDER_PATH)/SnapKit.framework",
				"$(BUILT_PRODUCTS_DIR)/$(FRAMEWORKS_FOLDER_PATH)/RxRelay.framework",
			);
			runOnlyForDeploymentPostprocessing = 0;
			shellPath = /bin/sh;
			shellScript = "/usr/local/bin/carthage copy-frameworks\n";
		};
/* End PBXShellScriptBuildPhase section */

/* Begin PBXSourcesBuildPhase section */
		66C36072225897FE0018A579 /* Sources */ = {
			isa = PBXSourcesBuildPhase;
			buildActionMask = 2147483647;
			files = (
				6632E23F226CF74600F74A8E /* PlaceholderStrings.swift in Sources */,
				666731D2228856EE0008AD84 /* UserTableViewCell.swift in Sources */,
				66C360BC2258B8890018A579 /* ErrorExt.swift in Sources */,
				660F7E51225B2FC100D00072 /* ReusableViewFromNib.swift in Sources */,
				664495D0229BFF6D00B5C170 /* PostsSceneCoordinator.swift in Sources */,
				6632E227226B0FB700F74A8E /* UIAlertContoller+Rx.swift in Sources */,
				66C360B32258AA090018A579 /* PostRealm.swift in Sources */,
				66D21155226E59C8004EDB70 /* NetworkStrings.swift in Sources */,
				661A2DCA228C7B570043415C /* ButtonStyles.swift in Sources */,
				66CC6877228BF16B00A7FB11 /* NoContentView.swift in Sources */,
				660F7E45225B1B2500D00072 /* JsonPlaceholderRouter.swift in Sources */,
				66C1DF5D226467D900049855 /* BaseViewContoller.swift in Sources */,
				66C360AF2258A9D50018A579 /* Comment.swift in Sources */,
				664495CE229BEDED00B5C170 /* AppCoordinator.swift in Sources */,
				6632E22F226B4CB200F74A8E /* PostDetailViewContoller.swift in Sources */,
				666731C72287F7DB0008AD84 /* PostDetailHeaderView.swift in Sources */,
				666731D4228858820008AD84 /* PostTableViewCell.swift in Sources */,
				66C360B52258B4F30018A579 /* HTTPStatusCode.swift in Sources */,
				66C360AE2258A9D50018A579 /* User.swift in Sources */,
				660655AC2271930400532855 /* MoyaError+Ext.swift in Sources */,
				6632E22B226B249E00F74A8E /* MoyaProvider.swift in Sources */,
				6632E233226B52E400F74A8E /* PostsListViewController.swift in Sources */,
				66ECE22222665E4300D3A670 /* RealmDataManager.swift in Sources */,
				669CFDAD22870A6E001DB6CA /* UserRealm.swift in Sources */,
				66C360B92258B7E50018A579 /* ClientError.swift in Sources */,
				6637F78C2286BA6C00D1715D /* PostListSection+Item.swift in Sources */,
				665D39CD228C6BC500EA3CB2 /* AlamofireManager.swift in Sources */,
				669CFDB022871985001DB6CA /* LoadingBarView.swift in Sources */,
				6632E236226B53B600F74A8E /* PostListViewModel.swift in Sources */,
				6632E238226B6EA800F74A8E /* RealmConfiguration.swift in Sources */,
				66C360B02258A9D50018A579 /* Post.swift in Sources */,
				66C1DF6722646AE000049855 /* StringLookup.swift in Sources */,
				660F7E54225B300700D00072 /* FontStyle.swift in Sources */,
				666731BF2287F6190008AD84 /* UIColor+Ext.swift in Sources */,
				66ECE21D22665CC100D3A670 /* MemoryModel.swift in Sources */,
				66C360B72258B53A0018A579 /* NetworkError.swift in Sources */,
				66C3607A225897FE0018A579 /* AppDelegate.swift in Sources */,
				666731CA22880EB50008AD84 /* PostDetailViewModel.swift in Sources */,
				661D6DA6226728BB0086E464 /* RealmObject.swift in Sources */,
				66C1DF3D225DDCE200049855 /* LabelStyles.swift in Sources */,
				66C1DF5F2264680200049855 /* UITableViewCell+Ext.swift in Sources */,
			);
			runOnlyForDeploymentPostprocessing = 0;
		};
		66C36086225898000018A579 /* Sources */ = {
			isa = PBXSourcesBuildPhase;
			buildActionMask = 2147483647;
			files = (
				666731DA22889B5E0008AD84 /* FixtureLoader.swift in Sources */,
				665B989F227978FE00D4F9A6 /* TestDataManager.swift in Sources */,
				666731D622885CA40008AD84 /* PostListViewModelTests.swift in Sources */,
				665D39D0228C736500EA3CB2 /* ModelTests.swift in Sources */,
				665D39D3228C73DB00EA3CB2 /* RouterTests.swift in Sources */,
				665B98A122797C3E00D4F9A6 /* TestNetworkProvider.swift in Sources */,
			);
			runOnlyForDeploymentPostprocessing = 0;
		};
		66C36091225898000018A579 /* Sources */ = {
			isa = PBXSourcesBuildPhase;
			buildActionMask = 2147483647;
			files = (
				66C3609A225898000018A579 /* ShowcaseUITests.swift in Sources */,
			);
			runOnlyForDeploymentPostprocessing = 0;
		};
/* End PBXSourcesBuildPhase section */

/* Begin PBXTargetDependency section */
		66C3608C225898000018A579 /* PBXTargetDependency */ = {
			isa = PBXTargetDependency;
			target = 66C36075225897FE0018A579 /* Showcase */;
			targetProxy = 66C3608B225898000018A579 /* PBXContainerItemProxy */;
		};
		66C36097225898000018A579 /* PBXTargetDependency */ = {
			isa = PBXTargetDependency;
			target = 66C36075225897FE0018A579 /* Showcase */;
			targetProxy = 66C36096225898000018A579 /* PBXContainerItemProxy */;
		};
/* End PBXTargetDependency section */

/* Begin PBXVariantGroup section */
		66C36082225898000018A579 /* LaunchScreen.storyboard */ = {
			isa = PBXVariantGroup;
			children = (
				66C36083225898000018A579 /* Base */,
			);
			name = LaunchScreen.storyboard;
			sourceTree = "<group>";
		};
/* End PBXVariantGroup section */

/* Begin XCBuildConfiguration section */
		66C3609C225898000018A579 /* Debug */ = {
			isa = XCBuildConfiguration;
			buildSettings = {
				ALWAYS_SEARCH_USER_PATHS = NO;
				CLANG_ANALYZER_LOCALIZABILITY_NONLOCALIZED = YES;
				CLANG_ANALYZER_NONNULL = YES;
				CLANG_ANALYZER_NUMBER_OBJECT_CONVERSION = YES_AGGRESSIVE;
				CLANG_CXX_LANGUAGE_STANDARD = "gnu++14";
				CLANG_CXX_LIBRARY = "libc++";
				CLANG_ENABLE_MODULES = YES;
				CLANG_ENABLE_OBJC_ARC = YES;
				CLANG_ENABLE_OBJC_WEAK = YES;
				CLANG_WARN_BLOCK_CAPTURE_AUTORELEASING = YES;
				CLANG_WARN_BOOL_CONVERSION = YES;
				CLANG_WARN_COMMA = YES;
				CLANG_WARN_CONSTANT_CONVERSION = YES;
				CLANG_WARN_DEPRECATED_OBJC_IMPLEMENTATIONS = YES;
				CLANG_WARN_DIRECT_OBJC_ISA_USAGE = YES_ERROR;
				CLANG_WARN_DOCUMENTATION_COMMENTS = YES;
				CLANG_WARN_EMPTY_BODY = YES;
				CLANG_WARN_ENUM_CONVERSION = YES;
				CLANG_WARN_INFINITE_RECURSION = YES;
				CLANG_WARN_INT_CONVERSION = YES;
				CLANG_WARN_NON_LITERAL_NULL_CONVERSION = YES;
				CLANG_WARN_OBJC_IMPLICIT_RETAIN_SELF = YES;
				CLANG_WARN_OBJC_LITERAL_CONVERSION = YES;
				CLANG_WARN_OBJC_ROOT_CLASS = YES_ERROR;
				CLANG_WARN_RANGE_LOOP_ANALYSIS = YES;
				CLANG_WARN_STRICT_PROTOTYPES = YES;
				CLANG_WARN_SUSPICIOUS_MOVE = YES;
				CLANG_WARN_UNGUARDED_AVAILABILITY = YES_AGGRESSIVE;
				CLANG_WARN_UNREACHABLE_CODE = YES;
				CLANG_WARN__DUPLICATE_METHOD_MATCH = YES;
				CODE_SIGN_IDENTITY = "iPhone Developer";
				COPY_PHASE_STRIP = NO;
				DEBUG_INFORMATION_FORMAT = dwarf;
				ENABLE_STRICT_OBJC_MSGSEND = YES;
				ENABLE_TESTABILITY = YES;
				GCC_C_LANGUAGE_STANDARD = gnu11;
				GCC_DYNAMIC_NO_PIC = NO;
				GCC_NO_COMMON_BLOCKS = YES;
				GCC_OPTIMIZATION_LEVEL = 0;
				GCC_PREPROCESSOR_DEFINITIONS = (
					"DEBUG=1",
					"$(inherited)",
				);
				GCC_WARN_64_TO_32_BIT_CONVERSION = YES;
				GCC_WARN_ABOUT_RETURN_TYPE = YES_ERROR;
				GCC_WARN_UNDECLARED_SELECTOR = YES;
				GCC_WARN_UNINITIALIZED_AUTOS = YES_AGGRESSIVE;
				GCC_WARN_UNUSED_FUNCTION = YES;
				GCC_WARN_UNUSED_VARIABLE = YES;
				IPHONEOS_DEPLOYMENT_TARGET = 12.2;
				MTL_ENABLE_DEBUG_INFO = INCLUDE_SOURCE;
				MTL_FAST_MATH = YES;
				ONLY_ACTIVE_ARCH = YES;
				SDKROOT = iphoneos;
				SWIFT_ACTIVE_COMPILATION_CONDITIONS = DEBUG;
				SWIFT_OPTIMIZATION_LEVEL = "-Onone";
			};
			name = Debug;
		};
		66C3609D225898000018A579 /* Release */ = {
			isa = XCBuildConfiguration;
			buildSettings = {
				ALWAYS_SEARCH_USER_PATHS = NO;
				CLANG_ANALYZER_LOCALIZABILITY_NONLOCALIZED = YES;
				CLANG_ANALYZER_NONNULL = YES;
				CLANG_ANALYZER_NUMBER_OBJECT_CONVERSION = YES_AGGRESSIVE;
				CLANG_CXX_LANGUAGE_STANDARD = "gnu++14";
				CLANG_CXX_LIBRARY = "libc++";
				CLANG_ENABLE_MODULES = YES;
				CLANG_ENABLE_OBJC_ARC = YES;
				CLANG_ENABLE_OBJC_WEAK = YES;
				CLANG_WARN_BLOCK_CAPTURE_AUTORELEASING = YES;
				CLANG_WARN_BOOL_CONVERSION = YES;
				CLANG_WARN_COMMA = YES;
				CLANG_WARN_CONSTANT_CONVERSION = YES;
				CLANG_WARN_DEPRECATED_OBJC_IMPLEMENTATIONS = YES;
				CLANG_WARN_DIRECT_OBJC_ISA_USAGE = YES_ERROR;
				CLANG_WARN_DOCUMENTATION_COMMENTS = YES;
				CLANG_WARN_EMPTY_BODY = YES;
				CLANG_WARN_ENUM_CONVERSION = YES;
				CLANG_WARN_INFINITE_RECURSION = YES;
				CLANG_WARN_INT_CONVERSION = YES;
				CLANG_WARN_NON_LITERAL_NULL_CONVERSION = YES;
				CLANG_WARN_OBJC_IMPLICIT_RETAIN_SELF = YES;
				CLANG_WARN_OBJC_LITERAL_CONVERSION = YES;
				CLANG_WARN_OBJC_ROOT_CLASS = YES_ERROR;
				CLANG_WARN_RANGE_LOOP_ANALYSIS = YES;
				CLANG_WARN_STRICT_PROTOTYPES = YES;
				CLANG_WARN_SUSPICIOUS_MOVE = YES;
				CLANG_WARN_UNGUARDED_AVAILABILITY = YES_AGGRESSIVE;
				CLANG_WARN_UNREACHABLE_CODE = YES;
				CLANG_WARN__DUPLICATE_METHOD_MATCH = YES;
				CODE_SIGN_IDENTITY = "iPhone Developer";
				COPY_PHASE_STRIP = NO;
				DEBUG_INFORMATION_FORMAT = "dwarf-with-dsym";
				ENABLE_NS_ASSERTIONS = NO;
				ENABLE_STRICT_OBJC_MSGSEND = YES;
				GCC_C_LANGUAGE_STANDARD = gnu11;
				GCC_NO_COMMON_BLOCKS = YES;
				GCC_WARN_64_TO_32_BIT_CONVERSION = YES;
				GCC_WARN_ABOUT_RETURN_TYPE = YES_ERROR;
				GCC_WARN_UNDECLARED_SELECTOR = YES;
				GCC_WARN_UNINITIALIZED_AUTOS = YES_AGGRESSIVE;
				GCC_WARN_UNUSED_FUNCTION = YES;
				GCC_WARN_UNUSED_VARIABLE = YES;
				IPHONEOS_DEPLOYMENT_TARGET = 12.2;
				MTL_ENABLE_DEBUG_INFO = NO;
				MTL_FAST_MATH = YES;
				SDKROOT = iphoneos;
				SWIFT_COMPILATION_MODE = wholemodule;
				SWIFT_OPTIMIZATION_LEVEL = "-O";
				VALIDATE_PRODUCT = YES;
			};
			name = Release;
		};
		66C3609F225898000018A579 /* Debug */ = {
			isa = XCBuildConfiguration;
			buildSettings = {
				ASSETCATALOG_COMPILER_APPICON_NAME = AppIcon;
				CODE_SIGN_STYLE = Automatic;
				FRAMEWORK_SEARCH_PATHS = (
					"$(inherited)",
					"$(PROJECT_DIR)/Carthage/Build/iOS",
				);
				INFOPLIST_FILE = Showcase/Info.plist;
				IPHONEOS_DEPLOYMENT_TARGET = 12.0;
				LD_RUNPATH_SEARCH_PATHS = (
					"$(inherited)",
					"@executable_path/Frameworks",
				);
				PRODUCT_BUNDLE_IDENTIFIER = Jb.Showcase;
				PRODUCT_NAME = "$(TARGET_NAME)";
				SWIFT_VERSION = 5.0;
				TARGETED_DEVICE_FAMILY = "1,2";
			};
			name = Debug;
		};
		66C360A0225898000018A579 /* Release */ = {
			isa = XCBuildConfiguration;
			buildSettings = {
				ASSETCATALOG_COMPILER_APPICON_NAME = AppIcon;
				CODE_SIGN_STYLE = Automatic;
				FRAMEWORK_SEARCH_PATHS = (
					"$(inherited)",
					"$(PROJECT_DIR)/Carthage/Build/iOS",
				);
				INFOPLIST_FILE = Showcase/Info.plist;
				IPHONEOS_DEPLOYMENT_TARGET = 12.0;
				LD_RUNPATH_SEARCH_PATHS = (
					"$(inherited)",
					"@executable_path/Frameworks",
				);
				PRODUCT_BUNDLE_IDENTIFIER = Jb.Showcase;
				PRODUCT_NAME = "$(TARGET_NAME)";
				SWIFT_VERSION = 5.0;
				TARGETED_DEVICE_FAMILY = "1,2";
			};
			name = Release;
		};
		66C360A2225898000018A579 /* Debug */ = {
			isa = XCBuildConfiguration;
			buildSettings = {
				ALWAYS_EMBED_SWIFT_STANDARD_LIBRARIES = YES;
				BUNDLE_LOADER = "$(TEST_HOST)";
				CODE_SIGN_STYLE = Automatic;
				FRAMEWORK_SEARCH_PATHS = (
					"$(inherited)",
					"$(PROJECT_DIR)/Carthage/Build/iOS",
				);
				INFOPLIST_FILE = ShowcaseTests/Info.plist;
				LD_RUNPATH_SEARCH_PATHS = (
					"$(inherited)",
					"@executable_path/Frameworks",
					"@loader_path/Frameworks",
				);
				PRODUCT_BUNDLE_IDENTIFIER = Jb.ShowcaseTests;
				PRODUCT_NAME = "$(TARGET_NAME)";
				SWIFT_VERSION = 5.0;
				TARGETED_DEVICE_FAMILY = "1,2";
				TEST_HOST = "$(BUILT_PRODUCTS_DIR)/Showcase.app/Showcase";
			};
			name = Debug;
		};
		66C360A3225898000018A579 /* Release */ = {
			isa = XCBuildConfiguration;
			buildSettings = {
				ALWAYS_EMBED_SWIFT_STANDARD_LIBRARIES = YES;
				BUNDLE_LOADER = "$(TEST_HOST)";
				CODE_SIGN_STYLE = Automatic;
				FRAMEWORK_SEARCH_PATHS = (
					"$(inherited)",
					"$(PROJECT_DIR)/Carthage/Build/iOS",
				);
				INFOPLIST_FILE = ShowcaseTests/Info.plist;
				LD_RUNPATH_SEARCH_PATHS = (
					"$(inherited)",
					"@executable_path/Frameworks",
					"@loader_path/Frameworks",
				);
				PRODUCT_BUNDLE_IDENTIFIER = Jb.ShowcaseTests;
				PRODUCT_NAME = "$(TARGET_NAME)";
				SWIFT_VERSION = 5.0;
				TARGETED_DEVICE_FAMILY = "1,2";
				TEST_HOST = "$(BUILT_PRODUCTS_DIR)/Showcase.app/Showcase";
			};
			name = Release;
		};
		66C360A5225898000018A579 /* Debug */ = {
			isa = XCBuildConfiguration;
			buildSettings = {
				ALWAYS_EMBED_SWIFT_STANDARD_LIBRARIES = YES;
				CODE_SIGN_STYLE = Automatic;
				INFOPLIST_FILE = ShowcaseUITests/Info.plist;
				LD_RUNPATH_SEARCH_PATHS = (
					"$(inherited)",
					"@executable_path/Frameworks",
					"@loader_path/Frameworks",
				);
				PRODUCT_BUNDLE_IDENTIFIER = Jb.ShowcaseUITests;
				PRODUCT_NAME = "$(TARGET_NAME)";
				SWIFT_VERSION = 5.0;
				TARGETED_DEVICE_FAMILY = "1,2";
				TEST_TARGET_NAME = Showcase;
			};
			name = Debug;
		};
		66C360A6225898000018A579 /* Release */ = {
			isa = XCBuildConfiguration;
			buildSettings = {
				ALWAYS_EMBED_SWIFT_STANDARD_LIBRARIES = YES;
				CODE_SIGN_STYLE = Automatic;
				INFOPLIST_FILE = ShowcaseUITests/Info.plist;
				LD_RUNPATH_SEARCH_PATHS = (
					"$(inherited)",
					"@executable_path/Frameworks",
					"@loader_path/Frameworks",
				);
				PRODUCT_BUNDLE_IDENTIFIER = Jb.ShowcaseUITests;
				PRODUCT_NAME = "$(TARGET_NAME)";
				SWIFT_VERSION = 5.0;
				TARGETED_DEVICE_FAMILY = "1,2";
				TEST_TARGET_NAME = Showcase;
			};
			name = Release;
		};
/* End XCBuildConfiguration section */

/* Begin XCConfigurationList section */
		66C36071225897FE0018A579 /* Build configuration list for PBXProject "Showcase" */ = {
			isa = XCConfigurationList;
			buildConfigurations = (
				66C3609C225898000018A579 /* Debug */,
				66C3609D225898000018A579 /* Release */,
			);
			defaultConfigurationIsVisible = 0;
			defaultConfigurationName = Release;
		};
		66C3609E225898000018A579 /* Build configuration list for PBXNativeTarget "Showcase" */ = {
			isa = XCConfigurationList;
			buildConfigurations = (
				66C3609F225898000018A579 /* Debug */,
				66C360A0225898000018A579 /* Release */,
			);
			defaultConfigurationIsVisible = 0;
			defaultConfigurationName = Release;
		};
		66C360A1225898000018A579 /* Build configuration list for PBXNativeTarget "ShowcaseTests" */ = {
			isa = XCConfigurationList;
			buildConfigurations = (
				66C360A2225898000018A579 /* Debug */,
				66C360A3225898000018A579 /* Release */,
			);
			defaultConfigurationIsVisible = 0;
			defaultConfigurationName = Release;
		};
		66C360A4225898000018A579 /* Build configuration list for PBXNativeTarget "ShowcaseUITests" */ = {
			isa = XCConfigurationList;
			buildConfigurations = (
				66C360A5225898000018A579 /* Debug */,
				66C360A6225898000018A579 /* Release */,
			);
			defaultConfigurationIsVisible = 0;
			defaultConfigurationName = Release;
		};
/* End XCConfigurationList section */
	};
	rootObject = 66C3606E225897FE0018A579 /* Project object */;
}
