// !$*UTF8*$!
{
	archiveVersion = 1;
	classes = {
	};
	objectVersion = 50;
	objects = {

/* Begin PBXBuildFile section */
		660F7E45225B1B2500D00072 /* JsonPlaceholderRouter.swift in Sources */ = {isa = PBXBuildFile; fileRef = 660F7E44225B1B2500D00072 /* JsonPlaceholderRouter.swift */; };
		660F7E47225B1B2F00D00072 /* iTunesRouter.swift in Sources */ = {isa = PBXBuildFile; fileRef = 660F7E46225B1B2F00D00072 /* iTunesRouter.swift */; };
		660F7E4F225B2D8A00D00072 /* CardView.swift in Sources */ = {isa = PBXBuildFile; fileRef = 660F7E4E225B2D8A00D00072 /* CardView.swift */; };
		660F7E51225B2FC100D00072 /* ReusableViewFromNib.swift in Sources */ = {isa = PBXBuildFile; fileRef = 660F7E50225B2FC100D00072 /* ReusableViewFromNib.swift */; };
		660F7E54225B300700D00072 /* FontStyle.swift in Sources */ = {isa = PBXBuildFile; fileRef = 660F7E53225B300700D00072 /* FontStyle.swift */; };
		66113637225C2D89007E77A6 /* ITunes.strings in Resources */ = {isa = PBXBuildFile; fileRef = 66113635225C2D89007E77A6 /* ITunes.strings */; };
		6611363C225C2F1D007E77A6 /* MusicArtist.swift in Sources */ = {isa = PBXBuildFile; fileRef = 6611363B225C2F1C007E77A6 /* MusicArtist.swift */; };
		6611363F225C3FAE007E77A6 /* ITunesSearchViewController.swift in Sources */ = {isa = PBXBuildFile; fileRef = 6611363E225C3FAE007E77A6 /* ITunesSearchViewController.swift */; };
		66113641225C81F9007E77A6 /* RNSearchBar.xib in Resources */ = {isa = PBXBuildFile; fileRef = 66113640225C81F9007E77A6 /* RNSearchBar.xib */; };
		66113645225C822E007E77A6 /* RNSearchBar.swift in Sources */ = {isa = PBXBuildFile; fileRef = 66113644225C822E007E77A6 /* RNSearchBar.swift */; };
		661CD9082259E3D500DA641B /* Showcase.xcdatamodeld in Sources */ = {isa = PBXBuildFile; fileRef = 661CD9062259E3D500DA641B /* Showcase.xcdatamodeld */; };
		661CD90B2259EA5D00DA641B /* PostCore+Ext.swift in Sources */ = {isa = PBXBuildFile; fileRef = 661CD90A2259EA5D00DA641B /* PostCore+Ext.swift */; };
		661CD90D225A667C00DA641B /* CoreDataManager.swift in Sources */ = {isa = PBXBuildFile; fileRef = 661CD90C225A667C00DA641B /* CoreDataManager.swift */; };
		661CD90F225A66BE00DA641B /* PostListViewModel.swift in Sources */ = {isa = PBXBuildFile; fileRef = 661CD90E225A66BE00DA641B /* PostListViewModel.swift */; };
		66C1DF3D225DDCE200049855 /* LabelStyles.swift in Sources */ = {isa = PBXBuildFile; fileRef = 66C1DF3C225DDCE200049855 /* LabelStyles.swift */; };
		66C1DF3F225DE4D700049855 /* ImageAssets.swift in Sources */ = {isa = PBXBuildFile; fileRef = 66C1DF3E225DE4D700049855 /* ImageAssets.swift */; };
		66C1DF44225F25D700049855 /* CategoryCollectionViewCell.swift in Sources */ = {isa = PBXBuildFile; fileRef = 66C1DF43225F25D700049855 /* CategoryCollectionViewCell.swift */; };
		66C1DF46225F282700049855 /* ITunesHeader.swift in Sources */ = {isa = PBXBuildFile; fileRef = 66113649225DD7E0007E77A6 /* ITunesHeader.swift */; };
		66C1DF49225F289600049855 /* ITunesHeader.xib in Resources */ = {isa = PBXBuildFile; fileRef = 66C1DF48225F289600049855 /* ITunesHeader.xib */; };
		66C1DF4B225F972C00049855 /* MusicCategory.swift in Sources */ = {isa = PBXBuildFile; fileRef = 66C1DF4A225F972C00049855 /* MusicCategory.swift */; };
		66C1DF4D225F974400049855 /* MusicAlbum.swift in Sources */ = {isa = PBXBuildFile; fileRef = 66C1DF4C225F974400049855 /* MusicAlbum.swift */; };
		66C1DF4F225F977E00049855 /* ITunesSearchViewModel.swift in Sources */ = {isa = PBXBuildFile; fileRef = 66C1DF4E225F977E00049855 /* ITunesSearchViewModel.swift */; };
		66C1DF522260826700049855 /* ITunesSearchQuerty.swift in Sources */ = {isa = PBXBuildFile; fileRef = 66C1DF512260826700049855 /* ITunesSearchQuerty.swift */; };
		66C3607A225897FE0018A579 /* AppDelegate.swift in Sources */ = {isa = PBXBuildFile; fileRef = 66C36079225897FE0018A579 /* AppDelegate.swift */; };
		66C3607C225897FE0018A579 /* PostsListViewController.swift in Sources */ = {isa = PBXBuildFile; fileRef = 66C3607B225897FE0018A579 /* PostsListViewController.swift */; };
		66C3607F225897FE0018A579 /* Main.storyboard in Resources */ = {isa = PBXBuildFile; fileRef = 66C3607D225897FE0018A579 /* Main.storyboard */; };
		66C36081225898000018A579 /* Assets.xcassets in Resources */ = {isa = PBXBuildFile; fileRef = 66C36080225898000018A579 /* Assets.xcassets */; };
		66C36084225898000018A579 /* LaunchScreen.storyboard in Resources */ = {isa = PBXBuildFile; fileRef = 66C36082225898000018A579 /* LaunchScreen.storyboard */; };
		66C3608F225898000018A579 /* ShowcaseTests.swift in Sources */ = {isa = PBXBuildFile; fileRef = 66C3608E225898000018A579 /* ShowcaseTests.swift */; };
		66C3609A225898000018A579 /* ShowcaseUITests.swift in Sources */ = {isa = PBXBuildFile; fileRef = 66C36099225898000018A579 /* ShowcaseUITests.swift */; };
		66C360A92258A5270018A579 /* NativeProvider.swift in Sources */ = {isa = PBXBuildFile; fileRef = 66C360A82258A5270018A579 /* NativeProvider.swift */; };
		66C360AE2258A9D50018A579 /* User.swift in Sources */ = {isa = PBXBuildFile; fileRef = 66C360AB2258A9D40018A579 /* User.swift */; };
		66C360AF2258A9D50018A579 /* Comment.swift in Sources */ = {isa = PBXBuildFile; fileRef = 66C360AC2258A9D40018A579 /* Comment.swift */; };
		66C360B02258A9D50018A579 /* Post.swift in Sources */ = {isa = PBXBuildFile; fileRef = 66C360AD2258A9D50018A579 /* Post.swift */; };
		66C360B32258AA090018A579 /* PostRealm.swift in Sources */ = {isa = PBXBuildFile; fileRef = 66C360B22258AA090018A579 /* PostRealm.swift */; };
		66C360B52258B4F30018A579 /* HTTPStatusCode.swift in Sources */ = {isa = PBXBuildFile; fileRef = 66C360B42258B4F30018A579 /* HTTPStatusCode.swift */; };
		66C360B72258B53A0018A579 /* NetworkError.swift in Sources */ = {isa = PBXBuildFile; fileRef = 66C360B62258B53A0018A579 /* NetworkError.swift */; };
		66C360B92258B7E50018A579 /* ClientError.swift in Sources */ = {isa = PBXBuildFile; fileRef = 66C360B82258B7E50018A579 /* ClientError.swift */; };
		66C360BC2258B8890018A579 /* ErrorExt.swift in Sources */ = {isa = PBXBuildFile; fileRef = 66C360BB2258B8890018A579 /* ErrorExt.swift */; };
/* End PBXBuildFile section */

/* Begin PBXContainerItemProxy section */
		66C3608B225898000018A579 /* PBXContainerItemProxy */ = {
			isa = PBXContainerItemProxy;
			containerPortal = 66C3606E225897FE0018A579 /* Project object */;
			proxyType = 1;
			remoteGlobalIDString = 66C36075225897FE0018A579;
			remoteInfo = Showcase;
		};
		66C36096225898000018A579 /* PBXContainerItemProxy */ = {
			isa = PBXContainerItemProxy;
			containerPortal = 66C3606E225897FE0018A579 /* Project object */;
			proxyType = 1;
			remoteGlobalIDString = 66C36075225897FE0018A579;
			remoteInfo = Showcase;
		};
/* End PBXContainerItemProxy section */

/* Begin PBXFileReference section */
		660F7E44225B1B2500D00072 /* JsonPlaceholderRouter.swift */ = {isa = PBXFileReference; lastKnownFileType = sourcecode.swift; path = JsonPlaceholderRouter.swift; sourceTree = "<group>"; };
		660F7E46225B1B2F00D00072 /* iTunesRouter.swift */ = {isa = PBXFileReference; lastKnownFileType = sourcecode.swift; path = iTunesRouter.swift; sourceTree = "<group>"; };
		660F7E4E225B2D8A00D00072 /* CardView.swift */ = {isa = PBXFileReference; lastKnownFileType = sourcecode.swift; path = CardView.swift; sourceTree = "<group>"; };
		660F7E50225B2FC100D00072 /* ReusableViewFromNib.swift */ = {isa = PBXFileReference; fileEncoding = 4; lastKnownFileType = sourcecode.swift; path = ReusableViewFromNib.swift; sourceTree = "<group>"; };
		660F7E53225B300700D00072 /* FontStyle.swift */ = {isa = PBXFileReference; lastKnownFileType = sourcecode.swift; path = FontStyle.swift; sourceTree = "<group>"; };
		66113636225C2D89007E77A6 /* Base */ = {isa = PBXFileReference; lastKnownFileType = text.plist.strings; name = Base; path = Base.lproj/ITunes.strings; sourceTree = "<group>"; };
		6611363B225C2F1C007E77A6 /* MusicArtist.swift */ = {isa = PBXFileReference; lastKnownFileType = sourcecode.swift; path = MusicArtist.swift; sourceTree = "<group>"; };
		6611363E225C3FAE007E77A6 /* ITunesSearchViewController.swift */ = {isa = PBXFileReference; lastKnownFileType = sourcecode.swift; path = ITunesSearchViewController.swift; sourceTree = "<group>"; };
		66113640225C81F9007E77A6 /* RNSearchBar.xib */ = {isa = PBXFileReference; lastKnownFileType = file.xib; path = RNSearchBar.xib; sourceTree = "<group>"; };
		66113644225C822E007E77A6 /* RNSearchBar.swift */ = {isa = PBXFileReference; lastKnownFileType = sourcecode.swift; path = RNSearchBar.swift; sourceTree = "<group>"; };
		66113649225DD7E0007E77A6 /* ITunesHeader.swift */ = {isa = PBXFileReference; lastKnownFileType = sourcecode.swift; path = ITunesHeader.swift; sourceTree = "<group>"; };
		661CD9072259E3D500DA641B /* PostCore.xcdatamodel */ = {isa = PBXFileReference; lastKnownFileType = wrapper.xcdatamodel; path = PostCore.xcdatamodel; sourceTree = "<group>"; };
		661CD90A2259EA5D00DA641B /* PostCore+Ext.swift */ = {isa = PBXFileReference; lastKnownFileType = sourcecode.swift; path = "PostCore+Ext.swift"; sourceTree = "<group>"; };
		661CD90C225A667C00DA641B /* CoreDataManager.swift */ = {isa = PBXFileReference; lastKnownFileType = sourcecode.swift; path = CoreDataManager.swift; sourceTree = "<group>"; };
		661CD90E225A66BE00DA641B /* PostListViewModel.swift */ = {isa = PBXFileReference; lastKnownFileType = sourcecode.swift; name = PostListViewModel.swift; path = ../Network/PostListViewModel.swift; sourceTree = "<group>"; };
		66C1DF3C225DDCE200049855 /* LabelStyles.swift */ = {isa = PBXFileReference; lastKnownFileType = sourcecode.swift; path = LabelStyles.swift; sourceTree = "<group>"; };
		66C1DF3E225DE4D700049855 /* ImageAssets.swift */ = {isa = PBXFileReference; lastKnownFileType = sourcecode.swift; path = ImageAssets.swift; sourceTree = "<group>"; };
		66C1DF43225F25D700049855 /* CategoryCollectionViewCell.swift */ = {isa = PBXFileReference; lastKnownFileType = sourcecode.swift; path = CategoryCollectionViewCell.swift; sourceTree = "<group>"; };
		66C1DF48225F289600049855 /* ITunesHeader.xib */ = {isa = PBXFileReference; fileEncoding = 4; lastKnownFileType = file.xib; path = ITunesHeader.xib; sourceTree = "<group>"; };
		66C1DF4A225F972C00049855 /* MusicCategory.swift */ = {isa = PBXFileReference; lastKnownFileType = sourcecode.swift; path = MusicCategory.swift; sourceTree = "<group>"; };
		66C1DF4C225F974400049855 /* MusicAlbum.swift */ = {isa = PBXFileReference; lastKnownFileType = sourcecode.swift; path = MusicAlbum.swift; sourceTree = "<group>"; };
		66C1DF4E225F977E00049855 /* ITunesSearchViewModel.swift */ = {isa = PBXFileReference; lastKnownFileType = sourcecode.swift; path = ITunesSearchViewModel.swift; sourceTree = "<group>"; };
		66C1DF512260826700049855 /* ITunesSearchQuerty.swift */ = {isa = PBXFileReference; lastKnownFileType = sourcecode.swift; path = ITunesSearchQuerty.swift; sourceTree = "<group>"; };
		66C36076225897FE0018A579 /* Showcase.app */ = {isa = PBXFileReference; explicitFileType = wrapper.application; includeInIndex = 0; path = Showcase.app; sourceTree = BUILT_PRODUCTS_DIR; };
		66C36079225897FE0018A579 /* AppDelegate.swift */ = {isa = PBXFileReference; lastKnownFileType = sourcecode.swift; path = AppDelegate.swift; sourceTree = "<group>"; };
		66C3607B225897FE0018A579 /* PostsListViewController.swift */ = {isa = PBXFileReference; lastKnownFileType = sourcecode.swift; path = PostsListViewController.swift; sourceTree = "<group>"; };
		66C3607E225897FE0018A579 /* Base */ = {isa = PBXFileReference; lastKnownFileType = file.storyboard; name = Base; path = Base.lproj/Main.storyboard; sourceTree = "<group>"; };
		66C36080225898000018A579 /* Assets.xcassets */ = {isa = PBXFileReference; lastKnownFileType = folder.assetcatalog; path = Assets.xcassets; sourceTree = "<group>"; };
		66C36083225898000018A579 /* Base */ = {isa = PBXFileReference; lastKnownFileType = file.storyboard; name = Base; path = Base.lproj/LaunchScreen.storyboard; sourceTree = "<group>"; };
		66C36085225898000018A579 /* Info.plist */ = {isa = PBXFileReference; lastKnownFileType = text.plist.xml; path = Info.plist; sourceTree = "<group>"; };
		66C3608A225898000018A579 /* ShowcaseTests.xctest */ = {isa = PBXFileReference; explicitFileType = wrapper.cfbundle; includeInIndex = 0; path = ShowcaseTests.xctest; sourceTree = BUILT_PRODUCTS_DIR; };
		66C3608E225898000018A579 /* ShowcaseTests.swift */ = {isa = PBXFileReference; lastKnownFileType = sourcecode.swift; path = ShowcaseTests.swift; sourceTree = "<group>"; };
		66C36090225898000018A579 /* Info.plist */ = {isa = PBXFileReference; lastKnownFileType = text.plist.xml; path = Info.plist; sourceTree = "<group>"; };
		66C36095225898000018A579 /* ShowcaseUITests.xctest */ = {isa = PBXFileReference; explicitFileType = wrapper.cfbundle; includeInIndex = 0; path = ShowcaseUITests.xctest; sourceTree = BUILT_PRODUCTS_DIR; };
		66C36099225898000018A579 /* ShowcaseUITests.swift */ = {isa = PBXFileReference; lastKnownFileType = sourcecode.swift; path = ShowcaseUITests.swift; sourceTree = "<group>"; };
		66C3609B225898000018A579 /* Info.plist */ = {isa = PBXFileReference; lastKnownFileType = text.plist.xml; path = Info.plist; sourceTree = "<group>"; };
		66C360A82258A5270018A579 /* NativeProvider.swift */ = {isa = PBXFileReference; lastKnownFileType = sourcecode.swift; path = NativeProvider.swift; sourceTree = "<group>"; };
		66C360AB2258A9D40018A579 /* User.swift */ = {isa = PBXFileReference; fileEncoding = 4; lastKnownFileType = sourcecode.swift; path = User.swift; sourceTree = "<group>"; };
		66C360AC2258A9D40018A579 /* Comment.swift */ = {isa = PBXFileReference; fileEncoding = 4; lastKnownFileType = sourcecode.swift; path = Comment.swift; sourceTree = "<group>"; };
		66C360AD2258A9D50018A579 /* Post.swift */ = {isa = PBXFileReference; fileEncoding = 4; lastKnownFileType = sourcecode.swift; path = Post.swift; sourceTree = "<group>"; };
		66C360B22258AA090018A579 /* PostRealm.swift */ = {isa = PBXFileReference; fileEncoding = 4; lastKnownFileType = sourcecode.swift; path = PostRealm.swift; sourceTree = "<group>"; };
		66C360B42258B4F30018A579 /* HTTPStatusCode.swift */ = {isa = PBXFileReference; lastKnownFileType = sourcecode.swift; path = HTTPStatusCode.swift; sourceTree = "<group>"; };
		66C360B62258B53A0018A579 /* NetworkError.swift */ = {isa = PBXFileReference; lastKnownFileType = sourcecode.swift; path = NetworkError.swift; sourceTree = "<group>"; };
		66C360B82258B7E50018A579 /* ClientError.swift */ = {isa = PBXFileReference; lastKnownFileType = sourcecode.swift; path = ClientError.swift; sourceTree = "<group>"; };
		66C360BB2258B8890018A579 /* ErrorExt.swift */ = {isa = PBXFileReference; lastKnownFileType = sourcecode.swift; path = ErrorExt.swift; sourceTree = "<group>"; };
/* End PBXFileReference section */

/* Begin PBXFrameworksBuildPhase section */
		66C36073225897FE0018A579 /* Frameworks */ = {
			isa = PBXFrameworksBuildPhase;
			buildActionMask = 2147483647;
			files = (
			);
			runOnlyForDeploymentPostprocessing = 0;
		};
		66C36087225898000018A579 /* Frameworks */ = {
			isa = PBXFrameworksBuildPhase;
			buildActionMask = 2147483647;
			files = (
			);
			runOnlyForDeploymentPostprocessing = 0;
		};
		66C36092225898000018A579 /* Frameworks */ = {
			isa = PBXFrameworksBuildPhase;
			buildActionMask = 2147483647;
			files = (
			);
			runOnlyForDeploymentPostprocessing = 0;
		};
/* End PBXFrameworksBuildPhase section */

/* Begin PBXGroup section */
		660F7E43225B1B1500D00072 /* Routers */ = {
			isa = PBXGroup;
			children = (
				660F7E44225B1B2500D00072 /* JsonPlaceholderRouter.swift */,
				660F7E46225B1B2F00D00072 /* iTunesRouter.swift */,
			);
			path = Routers;
			sourceTree = "<group>";
		};
		660F7E4A225B1B4600D00072 /* Providers */ = {
			isa = PBXGroup;
			children = (
				66C360A82258A5270018A579 /* NativeProvider.swift */,
			);
			path = Providers;
			sourceTree = "<group>";
		};
		660F7E4B225B1B5A00D00072 /* Ancillary */ = {
			isa = PBXGroup;
			children = (
				66C360B42258B4F30018A579 /* HTTPStatusCode.swift */,
				66C360B62258B53A0018A579 /* NetworkError.swift */,
				66C360B82258B7E50018A579 /* ClientError.swift */,
			);
			path = Ancillary;
			sourceTree = "<group>";
		};
		660F7E4C225B2D2400D00072 /* UIComponents */ = {
			isa = PBXGroup;
			children = (
				660F7E52225B2FEF00D00072 /* Styling */,
				66C1DF3B225DDCAF00049855 /* Labels */,
				66113642225C8206007E77A6 /* ReuseableNibs */,
				660F7E4E225B2D8A00D00072 /* CardView.swift */,
				66C1DF3E225DE4D700049855 /* ImageAssets.swift */,
			);
			path = UIComponents;
			sourceTree = "<group>";
		};
		660F7E4D225B2D3700D00072 /* ViewControllers+Models */ = {
			isa = PBXGroup;
			children = (
				6611363D225C3F94007E77A6 /* ITunesSeach */,
				661CD910225A66C800DA641B /* PostsList */,
			);
			path = "ViewControllers+Models";
			sourceTree = "<group>";
		};
		660F7E52225B2FEF00D00072 /* Styling */ = {
			isa = PBXGroup;
			children = (
				660F7E53225B300700D00072 /* FontStyle.swift */,
			);
			path = Styling;
			sourceTree = "<group>";
		};
		66113634225C2CF6007E77A6 /* Base */ = {
			isa = PBXGroup;
			children = (
				66C3607D225897FE0018A579 /* Main.storyboard */,
				66C36082225898000018A579 /* LaunchScreen.storyboard */,
				66113635225C2D89007E77A6 /* ITunes.strings */,
			);
			path = Base;
			sourceTree = "<group>";
		};
		66113639225C2ECB007E77A6 /* JsonPlaceholder */ = {
			isa = PBXGroup;
			children = (
				66C360AC2258A9D40018A579 /* Comment.swift */,
				66C360AD2258A9D50018A579 /* Post.swift */,
				66C360AB2258A9D40018A579 /* User.swift */,
			);
			path = JsonPlaceholder;
			sourceTree = "<group>";
		};
		6611363A225C2EDD007E77A6 /* iTunes */ = {
			isa = PBXGroup;
			children = (
				6611363B225C2F1C007E77A6 /* MusicArtist.swift */,
				66C1DF4A225F972C00049855 /* MusicCategory.swift */,
				66C1DF4C225F974400049855 /* MusicAlbum.swift */,
			);
			path = iTunes;
			sourceTree = "<group>";
		};
		6611363D225C3F94007E77A6 /* ITunesSeach */ = {
			isa = PBXGroup;
			children = (
				66113648225DD1BD007E77A6 /* ITunesHeader */,
				6611363E225C3FAE007E77A6 /* ITunesSearchViewController.swift */,
				66C1DF4E225F977E00049855 /* ITunesSearchViewModel.swift */,
				66C1DF45225F25DB00049855 /* CategoryCell */,
			);
			path = ITunesSeach;
			sourceTree = "<group>";
		};
		66113642225C8206007E77A6 /* ReuseableNibs */ = {
			isa = PBXGroup;
			children = (
				66113643225C8218007E77A6 /* RNSearchBar */,
				660F7E50225B2FC100D00072 /* ReusableViewFromNib.swift */,
			);
			path = ReuseableNibs;
			sourceTree = "<group>";
		};
		66113643225C8218007E77A6 /* RNSearchBar */ = {
			isa = PBXGroup;
			children = (
				66113640225C81F9007E77A6 /* RNSearchBar.xib */,
				66113644225C822E007E77A6 /* RNSearchBar.swift */,
			);
			path = RNSearchBar;
			sourceTree = "<group>";
		};
		66113648225DD1BD007E77A6 /* ITunesHeader */ = {
			isa = PBXGroup;
			children = (
				66C1DF48225F289600049855 /* ITunesHeader.xib */,
				66113649225DD7E0007E77A6 /* ITunesHeader.swift */,
			);
			path = ITunesHeader;
			sourceTree = "<group>";
		};
		661CD9092259E9EC00DA641B /* CoreData */ = {
			isa = PBXGroup;
			children = (
				661CD9062259E3D500DA641B /* Showcase.xcdatamodeld */,
				661CD90A2259EA5D00DA641B /* PostCore+Ext.swift */,
				661CD90C225A667C00DA641B /* CoreDataManager.swift */,
			);
			path = CoreData;
			sourceTree = "<group>";
		};
		661CD910225A66C800DA641B /* PostsList */ = {
			isa = PBXGroup;
			children = (
				66C3607B225897FE0018A579 /* PostsListViewController.swift */,
				661CD90E225A66BE00DA641B /* PostListViewModel.swift */,
			);
			name = PostsList;
			path = ../PostsList;
			sourceTree = "<group>";
		};
		66C1DF3B225DDCAF00049855 /* Labels */ = {
			isa = PBXGroup;
			children = (
				66C1DF3C225DDCE200049855 /* LabelStyles.swift */,
			);
			path = Labels;
			sourceTree = "<group>";
		};
		66C1DF45225F25DB00049855 /* CategoryCell */ = {
			isa = PBXGroup;
			children = (
				66C1DF43225F25D700049855 /* CategoryCollectionViewCell.swift */,
			);
			path = CategoryCell;
			sourceTree = "<group>";
		};
		66C1DF502260825500049855 /* RequestModels */ = {
			isa = PBXGroup;
			children = (
				66C1DF512260826700049855 /* ITunesSearchQuerty.swift */,
			);
			path = RequestModels;
			sourceTree = "<group>";
		};
		66C3606D225897FE0018A579 = {
			isa = PBXGroup;
			children = (
				66C36078225897FE0018A579 /* Showcase */,
				66C3608D225898000018A579 /* ShowcaseTests */,
				66C36098225898000018A579 /* ShowcaseUITests */,
				66C36077225897FE0018A579 /* Products */,
			);
			sourceTree = "<group>";
		};
		66C36077225897FE0018A579 /* Products */ = {
			isa = PBXGroup;
			children = (
				66C36076225897FE0018A579 /* Showcase.app */,
				66C3608A225898000018A579 /* ShowcaseTests.xctest */,
				66C36095225898000018A579 /* ShowcaseUITests.xctest */,
			);
			name = Products;
			sourceTree = "<group>";
		};
		66C36078225897FE0018A579 /* Showcase */ = {
			isa = PBXGroup;
			children = (
				66C36079225897FE0018A579 /* AppDelegate.swift */,
				66C360B12258A9F40018A579 /* Persistence */,
				66C360AA2258A9BC0018A579 /* Model */,
				66C360BA2258B86C0018A579 /* ErrorLogging */,
				66C360A72258A5010018A579 /* Network */,
				660F7E4D225B2D3700D00072 /* ViewControllers+Models */,
				660F7E4C225B2D2400D00072 /* UIComponents */,
				66113634225C2CF6007E77A6 /* Base */,
				66C36080225898000018A579 /* Assets.xcassets */,
				66C36085225898000018A579 /* Info.plist */,
			);
			path = Showcase;
			sourceTree = "<group>";
		};
		66C3608D225898000018A579 /* ShowcaseTests */ = {
			isa = PBXGroup;
			children = (
				66C3608E225898000018A579 /* ShowcaseTests.swift */,
				66C36090225898000018A579 /* Info.plist */,
			);
			path = ShowcaseTests;
			sourceTree = "<group>";
		};
		66C36098225898000018A579 /* ShowcaseUITests */ = {
			isa = PBXGroup;
			children = (
				66C36099225898000018A579 /* ShowcaseUITests.swift */,
				66C3609B225898000018A579 /* Info.plist */,
			);
			path = ShowcaseUITests;
			sourceTree = "<group>";
		};
		66C360A72258A5010018A579 /* Network */ = {
			isa = PBXGroup;
			children = (
				66C1DF502260825500049855 /* RequestModels */,
				660F7E4B225B1B5A00D00072 /* Ancillary */,
				660F7E4A225B1B4600D00072 /* Providers */,
				660F7E43225B1B1500D00072 /* Routers */,
			);
			path = Network;
			sourceTree = "<group>";
		};
		66C360AA2258A9BC0018A579 /* Model */ = {
			isa = PBXGroup;
			children = (
				6611363A225C2EDD007E77A6 /* iTunes */,
				66113639225C2ECB007E77A6 /* JsonPlaceholder */,
			);
			path = Model;
			sourceTree = "<group>";
		};
		66C360B12258A9F40018A579 /* Persistence */ = {
			isa = PBXGroup;
			children = (
				661CD9092259E9EC00DA641B /* CoreData */,
				66C360B22258AA090018A579 /* PostRealm.swift */,
			);
			path = Persistence;
			sourceTree = "<group>";
		};
		66C360BA2258B86C0018A579 /* ErrorLogging */ = {
			isa = PBXGroup;
			children = (
				66C360BB2258B8890018A579 /* ErrorExt.swift */,
			);
			path = ErrorLogging;
			sourceTree = "<group>";
		};
/* End PBXGroup section */

/* Begin PBXNativeTarget section */
		66C36075225897FE0018A579 /* Showcase */ = {
			isa = PBXNativeTarget;
			buildConfigurationList = 66C3609E225898000018A579 /* Build configuration list for PBXNativeTarget "Showcase" */;
			buildPhases = (
				66C36072225897FE0018A579 /* Sources */,
				66C36073225897FE0018A579 /* Frameworks */,
				66C36074225897FE0018A579 /* Resources */,
			);
			buildRules = (
			);
			dependencies = (
			);
			name = Showcase;
			productName = Showcase;
			productReference = 66C36076225897FE0018A579 /* Showcase.app */;
			productType = "com.apple.product-type.application";
		};
		66C36089225898000018A579 /* ShowcaseTests */ = {
			isa = PBXNativeTarget;
			buildConfigurationList = 66C360A1225898000018A579 /* Build configuration list for PBXNativeTarget "ShowcaseTests" */;
			buildPhases = (
				66C36086225898000018A579 /* Sources */,
				66C36087225898000018A579 /* Frameworks */,
				66C36088225898000018A579 /* Resources */,
			);
			buildRules = (
			);
			dependencies = (
				66C3608C225898000018A579 /* PBXTargetDependency */,
			);
			name = ShowcaseTests;
			productName = ShowcaseTests;
			productReference = 66C3608A225898000018A579 /* ShowcaseTests.xctest */;
			productType = "com.apple.product-type.bundle.unit-test";
		};
		66C36094225898000018A579 /* ShowcaseUITests */ = {
			isa = PBXNativeTarget;
			buildConfigurationList = 66C360A4225898000018A579 /* Build configuration list for PBXNativeTarget "ShowcaseUITests" */;
			buildPhases = (
				66C36091225898000018A579 /* Sources */,
				66C36092225898000018A579 /* Frameworks */,
				66C36093225898000018A579 /* Resources */,
			);
			buildRules = (
			);
			dependencies = (
				66C36097225898000018A579 /* PBXTargetDependency */,
			);
			name = ShowcaseUITests;
			productName = ShowcaseUITests;
			productReference = 66C36095225898000018A579 /* ShowcaseUITests.xctest */;
			productType = "com.apple.product-type.bundle.ui-testing";
		};
/* End PBXNativeTarget section */

/* Begin PBXProject section */
		66C3606E225897FE0018A579 /* Project object */ = {
			isa = PBXProject;
			attributes = {
				LastSwiftUpdateCheck = 1020;
				LastUpgradeCheck = 1020;
				ORGANIZATIONNAME = "James Birtwell";
				TargetAttributes = {
					66C36075225897FE0018A579 = {
						CreatedOnToolsVersion = 10.2;
					};
					66C36089225898000018A579 = {
						CreatedOnToolsVersion = 10.2;
						TestTargetID = 66C36075225897FE0018A579;
					};
					66C36094225898000018A579 = {
						CreatedOnToolsVersion = 10.2;
						TestTargetID = 66C36075225897FE0018A579;
					};
				};
			};
			buildConfigurationList = 66C36071225897FE0018A579 /* Build configuration list for PBXProject "Showcase" */;
			compatibilityVersion = "Xcode 9.3";
			developmentRegion = en;
			hasScannedForEncodings = 0;
			knownRegions = (
				en,
				Base,
			);
			mainGroup = 66C3606D225897FE0018A579;
			productRefGroup = 66C36077225897FE0018A579 /* Products */;
			projectDirPath = "";
			projectRoot = "";
			targets = (
				66C36075225897FE0018A579 /* Showcase */,
				66C36089225898000018A579 /* ShowcaseTests */,
				66C36094225898000018A579 /* ShowcaseUITests */,
			);
		};
/* End PBXProject section */

/* Begin PBXResourcesBuildPhase section */
		66C36074225897FE0018A579 /* Resources */ = {
			isa = PBXResourcesBuildPhase;
			buildActionMask = 2147483647;
			files = (
				66C36084225898000018A579 /* LaunchScreen.storyboard in Resources */,
				66113637225C2D89007E77A6 /* ITunes.strings in Resources */,
				66113641225C81F9007E77A6 /* RNSearchBar.xib in Resources */,
				66C36081225898000018A579 /* Assets.xcassets in Resources */,
				66C1DF49225F289600049855 /* ITunesHeader.xib in Resources */,
				66C3607F225897FE0018A579 /* Main.storyboard in Resources */,
			);
			runOnlyForDeploymentPostprocessing = 0;
		};
		66C36088225898000018A579 /* Resources */ = {
			isa = PBXResourcesBuildPhase;
			buildActionMask = 2147483647;
			files = (
			);
			runOnlyForDeploymentPostprocessing = 0;
		};
		66C36093225898000018A579 /* Resources */ = {
			isa = PBXResourcesBuildPhase;
			buildActionMask = 2147483647;
			files = (
			);
			runOnlyForDeploymentPostprocessing = 0;
		};
/* End PBXResourcesBuildPhase section */

/* Begin PBXSourcesBuildPhase section */
		66C36072225897FE0018A579 /* Sources */ = {
			isa = PBXSourcesBuildPhase;
			buildActionMask = 2147483647;
			files = (
				661CD9082259E3D500DA641B /* Showcase.xcdatamodeld in Sources */,
				66C1DF4D225F974400049855 /* MusicAlbum.swift in Sources */,
				66C360BC2258B8890018A579 /* ErrorExt.swift in Sources */,
				6611363C225C2F1D007E77A6 /* MusicArtist.swift in Sources */,
				661CD90F225A66BE00DA641B /* PostListViewModel.swift in Sources */,
				66C1DF44225F25D700049855 /* CategoryCollectionViewCell.swift in Sources */,
				66C1DF4B225F972C00049855 /* MusicCategory.swift in Sources */,
				66C1DF3F225DE4D700049855 /* ImageAssets.swift in Sources */,
				660F7E51225B2FC100D00072 /* ReusableViewFromNib.swift in Sources */,
				66C360B32258AA090018A579 /* PostRealm.swift in Sources */,
				660F7E47225B1B2F00D00072 /* iTunesRouter.swift in Sources */,
				660F7E45225B1B2500D00072 /* JsonPlaceholderRouter.swift in Sources */,
				66C1DF4F225F977E00049855 /* ITunesSearchViewModel.swift in Sources */,
				66C360AF2258A9D50018A579 /* Comment.swift in Sources */,
				66C1DF46225F282700049855 /* ITunesHeader.swift in Sources */,
				66C360B52258B4F30018A579 /* HTTPStatusCode.swift in Sources */,
				66C360AE2258A9D50018A579 /* User.swift in Sources */,
				66C3607C225897FE0018A579 /* PostsListViewController.swift in Sources */,
				6611363F225C3FAE007E77A6 /* ITunesSearchViewController.swift in Sources */,
				660F7E4F225B2D8A00D00072 /* CardView.swift in Sources */,
				66C360B92258B7E50018A579 /* ClientError.swift in Sources */,
				66113645225C822E007E77A6 /* RNSearchBar.swift in Sources */,
				66C360B02258A9D50018A579 /* Post.swift in Sources */,
				660F7E54225B300700D00072 /* FontStyle.swift in Sources */,
				661CD90B2259EA5D00DA641B /* PostCore+Ext.swift in Sources */,
				66C360B72258B53A0018A579 /* NetworkError.swift in Sources */,
				66C3607A225897FE0018A579 /* AppDelegate.swift in Sources */,
				661CD90D225A667C00DA641B /* CoreDataManager.swift in Sources */,
				66C1DF3D225DDCE200049855 /* LabelStyles.swift in Sources */,
				66C1DF522260826700049855 /* ITunesSearchQuerty.swift in Sources */,
				66C360A92258A5270018A579 /* NativeProvider.swift in Sources */,
			);
			runOnlyForDeploymentPostprocessing = 0;
		};
		66C36086225898000018A579 /* Sources */ = {
			isa = PBXSourcesBuildPhase;
			buildActionMask = 2147483647;
			files = (
				66C3608F225898000018A579 /* ShowcaseTests.swift in Sources */,
			);
			runOnlyForDeploymentPostprocessing = 0;
		};
		66C36091225898000018A579 /* Sources */ = {
			isa = PBXSourcesBuildPhase;
			buildActionMask = 2147483647;
			files = (
				66C3609A225898000018A579 /* ShowcaseUITests.swift in Sources */,
			);
			runOnlyForDeploymentPostprocessing = 0;
		};
/* End PBXSourcesBuildPhase section */

/* Begin PBXTargetDependency section */
		66C3608C225898000018A579 /* PBXTargetDependency */ = {
			isa = PBXTargetDependency;
			target = 66C36075225897FE0018A579 /* Showcase */;
			targetProxy = 66C3608B225898000018A579 /* PBXContainerItemProxy */;
		};
		66C36097225898000018A579 /* PBXTargetDependency */ = {
			isa = PBXTargetDependency;
			target = 66C36075225897FE0018A579 /* Showcase */;
			targetProxy = 66C36096225898000018A579 /* PBXContainerItemProxy */;
		};
/* End PBXTargetDependency section */

/* Begin PBXVariantGroup section */
		66113635225C2D89007E77A6 /* ITunes.strings */ = {
			isa = PBXVariantGroup;
			children = (
				66113636225C2D89007E77A6 /* Base */,
			);
			name = ITunes.strings;
			sourceTree = "<group>";
		};
		66C3607D225897FE0018A579 /* Main.storyboard */ = {
			isa = PBXVariantGroup;
			children = (
				66C3607E225897FE0018A579 /* Base */,
			);
			name = Main.storyboard;
			sourceTree = "<group>";
		};
		66C36082225898000018A579 /* LaunchScreen.storyboard */ = {
			isa = PBXVariantGroup;
			children = (
				66C36083225898000018A579 /* Base */,
			);
			name = LaunchScreen.storyboard;
			sourceTree = "<group>";
		};
/* End PBXVariantGroup section */

/* Begin XCBuildConfiguration section */
		66C3609C225898000018A579 /* Debug */ = {
			isa = XCBuildConfiguration;
			buildSettings = {
				ALWAYS_SEARCH_USER_PATHS = NO;
				CLANG_ANALYZER_LOCALIZABILITY_NONLOCALIZED = YES;
				CLANG_ANALYZER_NONNULL = YES;
				CLANG_ANALYZER_NUMBER_OBJECT_CONVERSION = YES_AGGRESSIVE;
				CLANG_CXX_LANGUAGE_STANDARD = "gnu++14";
				CLANG_CXX_LIBRARY = "libc++";
				CLANG_ENABLE_MODULES = YES;
				CLANG_ENABLE_OBJC_ARC = YES;
				CLANG_ENABLE_OBJC_WEAK = YES;
				CLANG_WARN_BLOCK_CAPTURE_AUTORELEASING = YES;
				CLANG_WARN_BOOL_CONVERSION = YES;
				CLANG_WARN_COMMA = YES;
				CLANG_WARN_CONSTANT_CONVERSION = YES;
				CLANG_WARN_DEPRECATED_OBJC_IMPLEMENTATIONS = YES;
				CLANG_WARN_DIRECT_OBJC_ISA_USAGE = YES_ERROR;
				CLANG_WARN_DOCUMENTATION_COMMENTS = YES;
				CLANG_WARN_EMPTY_BODY = YES;
				CLANG_WARN_ENUM_CONVERSION = YES;
				CLANG_WARN_INFINITE_RECURSION = YES;
				CLANG_WARN_INT_CONVERSION = YES;
				CLANG_WARN_NON_LITERAL_NULL_CONVERSION = YES;
				CLANG_WARN_OBJC_IMPLICIT_RETAIN_SELF = YES;
				CLANG_WARN_OBJC_LITERAL_CONVERSION = YES;
				CLANG_WARN_OBJC_ROOT_CLASS = YES_ERROR;
				CLANG_WARN_RANGE_LOOP_ANALYSIS = YES;
				CLANG_WARN_STRICT_PROTOTYPES = YES;
				CLANG_WARN_SUSPICIOUS_MOVE = YES;
				CLANG_WARN_UNGUARDED_AVAILABILITY = YES_AGGRESSIVE;
				CLANG_WARN_UNREACHABLE_CODE = YES;
				CLANG_WARN__DUPLICATE_METHOD_MATCH = YES;
				CODE_SIGN_IDENTITY = "iPhone Developer";
				COPY_PHASE_STRIP = NO;
				DEBUG_INFORMATION_FORMAT = dwarf;
				ENABLE_STRICT_OBJC_MSGSEND = YES;
				ENABLE_TESTABILITY = YES;
				GCC_C_LANGUAGE_STANDARD = gnu11;
				GCC_DYNAMIC_NO_PIC = NO;
				GCC_NO_COMMON_BLOCKS = YES;
				GCC_OPTIMIZATION_LEVEL = 0;
				GCC_PREPROCESSOR_DEFINITIONS = (
					"DEBUG=1",
					"$(inherited)",
				);
				GCC_WARN_64_TO_32_BIT_CONVERSION = YES;
				GCC_WARN_ABOUT_RETURN_TYPE = YES_ERROR;
				GCC_WARN_UNDECLARED_SELECTOR = YES;
				GCC_WARN_UNINITIALIZED_AUTOS = YES_AGGRESSIVE;
				GCC_WARN_UNUSED_FUNCTION = YES;
				GCC_WARN_UNUSED_VARIABLE = YES;
				IPHONEOS_DEPLOYMENT_TARGET = 12.2;
				MTL_ENABLE_DEBUG_INFO = INCLUDE_SOURCE;
				MTL_FAST_MATH = YES;
				ONLY_ACTIVE_ARCH = YES;
				SDKROOT = iphoneos;
				SWIFT_ACTIVE_COMPILATION_CONDITIONS = DEBUG;
				SWIFT_OPTIMIZATION_LEVEL = "-Onone";
			};
			name = Debug;
		};
		66C3609D225898000018A579 /* Release */ = {
			isa = XCBuildConfiguration;
			buildSettings = {
				ALWAYS_SEARCH_USER_PATHS = NO;
				CLANG_ANALYZER_LOCALIZABILITY_NONLOCALIZED = YES;
				CLANG_ANALYZER_NONNULL = YES;
				CLANG_ANALYZER_NUMBER_OBJECT_CONVERSION = YES_AGGRESSIVE;
				CLANG_CXX_LANGUAGE_STANDARD = "gnu++14";
				CLANG_CXX_LIBRARY = "libc++";
				CLANG_ENABLE_MODULES = YES;
				CLANG_ENABLE_OBJC_ARC = YES;
				CLANG_ENABLE_OBJC_WEAK = YES;
				CLANG_WARN_BLOCK_CAPTURE_AUTORELEASING = YES;
				CLANG_WARN_BOOL_CONVERSION = YES;
				CLANG_WARN_COMMA = YES;
				CLANG_WARN_CONSTANT_CONVERSION = YES;
				CLANG_WARN_DEPRECATED_OBJC_IMPLEMENTATIONS = YES;
				CLANG_WARN_DIRECT_OBJC_ISA_USAGE = YES_ERROR;
				CLANG_WARN_DOCUMENTATION_COMMENTS = YES;
				CLANG_WARN_EMPTY_BODY = YES;
				CLANG_WARN_ENUM_CONVERSION = YES;
				CLANG_WARN_INFINITE_RECURSION = YES;
				CLANG_WARN_INT_CONVERSION = YES;
				CLANG_WARN_NON_LITERAL_NULL_CONVERSION = YES;
				CLANG_WARN_OBJC_IMPLICIT_RETAIN_SELF = YES;
				CLANG_WARN_OBJC_LITERAL_CONVERSION = YES;
				CLANG_WARN_OBJC_ROOT_CLASS = YES_ERROR;
				CLANG_WARN_RANGE_LOOP_ANALYSIS = YES;
				CLANG_WARN_STRICT_PROTOTYPES = YES;
				CLANG_WARN_SUSPICIOUS_MOVE = YES;
				CLANG_WARN_UNGUARDED_AVAILABILITY = YES_AGGRESSIVE;
				CLANG_WARN_UNREACHABLE_CODE = YES;
				CLANG_WARN__DUPLICATE_METHOD_MATCH = YES;
				CODE_SIGN_IDENTITY = "iPhone Developer";
				COPY_PHASE_STRIP = NO;
				DEBUG_INFORMATION_FORMAT = "dwarf-with-dsym";
				ENABLE_NS_ASSERTIONS = NO;
				ENABLE_STRICT_OBJC_MSGSEND = YES;
				GCC_C_LANGUAGE_STANDARD = gnu11;
				GCC_NO_COMMON_BLOCKS = YES;
				GCC_WARN_64_TO_32_BIT_CONVERSION = YES;
				GCC_WARN_ABOUT_RETURN_TYPE = YES_ERROR;
				GCC_WARN_UNDECLARED_SELECTOR = YES;
				GCC_WARN_UNINITIALIZED_AUTOS = YES_AGGRESSIVE;
				GCC_WARN_UNUSED_FUNCTION = YES;
				GCC_WARN_UNUSED_VARIABLE = YES;
				IPHONEOS_DEPLOYMENT_TARGET = 12.2;
				MTL_ENABLE_DEBUG_INFO = NO;
				MTL_FAST_MATH = YES;
				SDKROOT = iphoneos;
				SWIFT_COMPILATION_MODE = wholemodule;
				SWIFT_OPTIMIZATION_LEVEL = "-O";
				VALIDATE_PRODUCT = YES;
			};
			name = Release;
		};
		66C3609F225898000018A579 /* Debug */ = {
			isa = XCBuildConfiguration;
			buildSettings = {
				ASSETCATALOG_COMPILER_APPICON_NAME = AppIcon;
				CODE_SIGN_STYLE = Automatic;
				INFOPLIST_FILE = Showcase/Info.plist;
				IPHONEOS_DEPLOYMENT_TARGET = 12.0;
				LD_RUNPATH_SEARCH_PATHS = (
					"$(inherited)",
					"@executable_path/Frameworks",
				);
				PRODUCT_BUNDLE_IDENTIFIER = Jb.Showcase;
				PRODUCT_NAME = "$(TARGET_NAME)";
				SWIFT_VERSION = 5.0;
				TARGETED_DEVICE_FAMILY = "1,2";
			};
			name = Debug;
		};
		66C360A0225898000018A579 /* Release */ = {
			isa = XCBuildConfiguration;
			buildSettings = {
				ASSETCATALOG_COMPILER_APPICON_NAME = AppIcon;
				CODE_SIGN_STYLE = Automatic;
				INFOPLIST_FILE = Showcase/Info.plist;
				IPHONEOS_DEPLOYMENT_TARGET = 12.0;
				LD_RUNPATH_SEARCH_PATHS = (
					"$(inherited)",
					"@executable_path/Frameworks",
				);
				PRODUCT_BUNDLE_IDENTIFIER = Jb.Showcase;
				PRODUCT_NAME = "$(TARGET_NAME)";
				SWIFT_VERSION = 5.0;
				TARGETED_DEVICE_FAMILY = "1,2";
			};
			name = Release;
		};
		66C360A2225898000018A579 /* Debug */ = {
			isa = XCBuildConfiguration;
			buildSettings = {
				ALWAYS_EMBED_SWIFT_STANDARD_LIBRARIES = YES;
				BUNDLE_LOADER = "$(TEST_HOST)";
				CODE_SIGN_STYLE = Automatic;
				INFOPLIST_FILE = ShowcaseTests/Info.plist;
				LD_RUNPATH_SEARCH_PATHS = (
					"$(inherited)",
					"@executable_path/Frameworks",
					"@loader_path/Frameworks",
				);
				PRODUCT_BUNDLE_IDENTIFIER = Jb.ShowcaseTests;
				PRODUCT_NAME = "$(TARGET_NAME)";
				SWIFT_VERSION = 5.0;
				TARGETED_DEVICE_FAMILY = "1,2";
				TEST_HOST = "$(BUILT_PRODUCTS_DIR)/Showcase.app/Showcase";
			};
			name = Debug;
		};
		66C360A3225898000018A579 /* Release */ = {
			isa = XCBuildConfiguration;
			buildSettings = {
				ALWAYS_EMBED_SWIFT_STANDARD_LIBRARIES = YES;
				BUNDLE_LOADER = "$(TEST_HOST)";
				CODE_SIGN_STYLE = Automatic;
				INFOPLIST_FILE = ShowcaseTests/Info.plist;
				LD_RUNPATH_SEARCH_PATHS = (
					"$(inherited)",
					"@executable_path/Frameworks",
					"@loader_path/Frameworks",
				);
				PRODUCT_BUNDLE_IDENTIFIER = Jb.ShowcaseTests;
				PRODUCT_NAME = "$(TARGET_NAME)";
				SWIFT_VERSION = 5.0;
				TARGETED_DEVICE_FAMILY = "1,2";
				TEST_HOST = "$(BUILT_PRODUCTS_DIR)/Showcase.app/Showcase";
			};
			name = Release;
		};
		66C360A5225898000018A579 /* Debug */ = {
			isa = XCBuildConfiguration;
			buildSettings = {
				ALWAYS_EMBED_SWIFT_STANDARD_LIBRARIES = YES;
				CODE_SIGN_STYLE = Automatic;
				INFOPLIST_FILE = ShowcaseUITests/Info.plist;
				LD_RUNPATH_SEARCH_PATHS = (
					"$(inherited)",
					"@executable_path/Frameworks",
					"@loader_path/Frameworks",
				);
				PRODUCT_BUNDLE_IDENTIFIER = Jb.ShowcaseUITests;
				PRODUCT_NAME = "$(TARGET_NAME)";
				SWIFT_VERSION = 5.0;
				TARGETED_DEVICE_FAMILY = "1,2";
				TEST_TARGET_NAME = Showcase;
			};
			name = Debug;
		};
		66C360A6225898000018A579 /* Release */ = {
			isa = XCBuildConfiguration;
			buildSettings = {
				ALWAYS_EMBED_SWIFT_STANDARD_LIBRARIES = YES;
				CODE_SIGN_STYLE = Automatic;
				INFOPLIST_FILE = ShowcaseUITests/Info.plist;
				LD_RUNPATH_SEARCH_PATHS = (
					"$(inherited)",
					"@executable_path/Frameworks",
					"@loader_path/Frameworks",
				);
				PRODUCT_BUNDLE_IDENTIFIER = Jb.ShowcaseUITests;
				PRODUCT_NAME = "$(TARGET_NAME)";
				SWIFT_VERSION = 5.0;
				TARGETED_DEVICE_FAMILY = "1,2";
				TEST_TARGET_NAME = Showcase;
			};
			name = Release;
		};
/* End XCBuildConfiguration section */

/* Begin XCConfigurationList section */
		66C36071225897FE0018A579 /* Build configuration list for PBXProject "Showcase" */ = {
			isa = XCConfigurationList;
			buildConfigurations = (
				66C3609C225898000018A579 /* Debug */,
				66C3609D225898000018A579 /* Release */,
			);
			defaultConfigurationIsVisible = 0;
			defaultConfigurationName = Release;
		};
		66C3609E225898000018A579 /* Build configuration list for PBXNativeTarget "Showcase" */ = {
			isa = XCConfigurationList;
			buildConfigurations = (
				66C3609F225898000018A579 /* Debug */,
				66C360A0225898000018A579 /* Release */,
			);
			defaultConfigurationIsVisible = 0;
			defaultConfigurationName = Release;
		};
		66C360A1225898000018A579 /* Build configuration list for PBXNativeTarget "ShowcaseTests" */ = {
			isa = XCConfigurationList;
			buildConfigurations = (
				66C360A2225898000018A579 /* Debug */,
				66C360A3225898000018A579 /* Release */,
			);
			defaultConfigurationIsVisible = 0;
			defaultConfigurationName = Release;
		};
		66C360A4225898000018A579 /* Build configuration list for PBXNativeTarget "ShowcaseUITests" */ = {
			isa = XCConfigurationList;
			buildConfigurations = (
				66C360A5225898000018A579 /* Debug */,
				66C360A6225898000018A579 /* Release */,
			);
			defaultConfigurationIsVisible = 0;
			defaultConfigurationName = Release;
		};
/* End XCConfigurationList section */

/* Begin XCVersionGroup section */
		661CD9062259E3D500DA641B /* Showcase.xcdatamodeld */ = {
			isa = XCVersionGroup;
			children = (
				661CD9072259E3D500DA641B /* PostCore.xcdatamodel */,
			);
			currentVersion = 661CD9072259E3D500DA641B /* PostCore.xcdatamodel */;
			path = Showcase.xcdatamodeld;
			sourceTree = "<group>";
			versionGroupType = wrapper.xcdatamodel;
		};
/* End XCVersionGroup section */
	};
	rootObject = 66C3606E225897FE0018A579 /* Project object */;
}
